// !$*UTF8*$!
{
	archiveVersion = 1;
	classes = {
	};
	objectVersion = 50;
	objects = {

/* Begin PBXBuildFile section */
		3800135A20FE4B4900725237 /* AppDelegate.swift in Sources */ = {isa = PBXBuildFile; fileRef = 3800135920FE4B4900725237 /* AppDelegate.swift */; };
		3800135C20FE4B4900725237 /* ViewController.swift in Sources */ = {isa = PBXBuildFile; fileRef = 3800135B20FE4B4900725237 /* ViewController.swift */; };
		3800135F20FE4B4900725237 /* Main.storyboard in Resources */ = {isa = PBXBuildFile; fileRef = 3800135D20FE4B4900725237 /* Main.storyboard */; };
		3800136220FE4B4900725237 /* SmogWatch.xcdatamodeld in Sources */ = {isa = PBXBuildFile; fileRef = 3800136020FE4B4900725237 /* SmogWatch.xcdatamodeld */; };
		3800136420FE4B4B00725237 /* Assets.xcassets in Resources */ = {isa = PBXBuildFile; fileRef = 3800136320FE4B4B00725237 /* Assets.xcassets */; };
		3800136720FE4B4B00725237 /* LaunchScreen.storyboard in Resources */ = {isa = PBXBuildFile; fileRef = 3800136520FE4B4B00725237 /* LaunchScreen.storyboard */; };
		3800137220FE4B4B00725237 /* SmogWatchTests.swift in Sources */ = {isa = PBXBuildFile; fileRef = 3800137120FE4B4B00725237 /* SmogWatchTests.swift */; };
		3800137D20FE4B4B00725237 /* SmogWatchUITests.swift in Sources */ = {isa = PBXBuildFile; fileRef = 3800137C20FE4B4B00725237 /* SmogWatchUITests.swift */; };
		3806DE492176CA0500C3C1F1 /* Station+CoreDataClass.swift in Sources */ = {isa = PBXBuildFile; fileRef = 3806DE372176CA0500C3C1F1 /* Station+CoreDataClass.swift */; };
		3806DE4A2176CA0500C3C1F1 /* Station+CoreDataProperties.swift in Sources */ = {isa = PBXBuildFile; fileRef = 3806DE382176CA0500C3C1F1 /* Station+CoreDataProperties.swift */; };
		3806DE4B2176CA0500C3C1F1 /* SensorParameters+CoreDataClass.swift in Sources */ = {isa = PBXBuildFile; fileRef = 3806DE392176CA0500C3C1F1 /* SensorParameters+CoreDataClass.swift */; };
		3806DE4C2176CA0600C3C1F1 /* SensorParameters+CoreDataProperties.swift in Sources */ = {isa = PBXBuildFile; fileRef = 3806DE3A2176CA0500C3C1F1 /* SensorParameters+CoreDataProperties.swift */; };
		3806DE4D2176CA0600C3C1F1 /* AirQuality+CoreDataClass.swift in Sources */ = {isa = PBXBuildFile; fileRef = 3806DE3B2176CA0500C3C1F1 /* AirQuality+CoreDataClass.swift */; };
		3806DE4E2176CA0600C3C1F1 /* AirQuality+CoreDataProperties.swift in Sources */ = {isa = PBXBuildFile; fileRef = 3806DE3C2176CA0500C3C1F1 /* AirQuality+CoreDataProperties.swift */; };
		3806DE4F2176CA0600C3C1F1 /* Sensor+CoreDataClass.swift in Sources */ = {isa = PBXBuildFile; fileRef = 3806DE3D2176CA0500C3C1F1 /* Sensor+CoreDataClass.swift */; };
		3806DE502176CA0600C3C1F1 /* Sensor+CoreDataProperties.swift in Sources */ = {isa = PBXBuildFile; fileRef = 3806DE3E2176CA0500C3C1F1 /* Sensor+CoreDataProperties.swift */; };
		3806DE512176CA0600C3C1F1 /* Commune+CoreDataClass.swift in Sources */ = {isa = PBXBuildFile; fileRef = 3806DE3F2176CA0500C3C1F1 /* Commune+CoreDataClass.swift */; };
		3806DE522176CA0600C3C1F1 /* Commune+CoreDataProperties.swift in Sources */ = {isa = PBXBuildFile; fileRef = 3806DE402176CA0500C3C1F1 /* Commune+CoreDataProperties.swift */; };
		3806DE532176CA0600C3C1F1 /* IndexLevel+CoreDataClass.swift in Sources */ = {isa = PBXBuildFile; fileRef = 3806DE412176CA0500C3C1F1 /* IndexLevel+CoreDataClass.swift */; };
		3806DE542176CA0600C3C1F1 /* IndexLevel+CoreDataProperties.swift in Sources */ = {isa = PBXBuildFile; fileRef = 3806DE422176CA0500C3C1F1 /* IndexLevel+CoreDataProperties.swift */; };
		3806DE552176CA0600C3C1F1 /* ParameterData+CoreDataClass.swift in Sources */ = {isa = PBXBuildFile; fileRef = 3806DE432176CA0500C3C1F1 /* ParameterData+CoreDataClass.swift */; };
		3806DE562176CA0600C3C1F1 /* ParameterData+CoreDataProperties.swift in Sources */ = {isa = PBXBuildFile; fileRef = 3806DE442176CA0500C3C1F1 /* ParameterData+CoreDataProperties.swift */; };
		3806DE572176CA0600C3C1F1 /* City+CoreDataClass.swift in Sources */ = {isa = PBXBuildFile; fileRef = 3806DE452176CA0500C3C1F1 /* City+CoreDataClass.swift */; };
		3806DE582176CA0600C3C1F1 /* City+CoreDataProperties.swift in Sources */ = {isa = PBXBuildFile; fileRef = 3806DE462176CA0500C3C1F1 /* City+CoreDataProperties.swift */; };
		3806DE592176CA0600C3C1F1 /* SensorData+CoreDataClass.swift in Sources */ = {isa = PBXBuildFile; fileRef = 3806DE472176CA0500C3C1F1 /* SensorData+CoreDataClass.swift */; };
		3806DE5A2176CA0600C3C1F1 /* SensorData+CoreDataProperties.swift in Sources */ = {isa = PBXBuildFile; fileRef = 3806DE482176CA0500C3C1F1 /* SensorData+CoreDataProperties.swift */; };
		38D50A0F21077A95008AB8D2 /* Request.swift in Sources */ = {isa = PBXBuildFile; fileRef = 38D50A0E21077A95008AB8D2 /* Request.swift */; };
		38D50A1321078E76008AB8D2 /* API.swift in Sources */ = {isa = PBXBuildFile; fileRef = 38D50A1221078E76008AB8D2 /* API.swift */; };
		38D50A1621078F44008AB8D2 /* Response.swift in Sources */ = {isa = PBXBuildFile; fileRef = 38D50A1521078F44008AB8D2 /* Response.swift */; };
		38E1B24C2177D31800F75CEA /* CodingUserInfoKey+Extension.swift in Sources */ = {isa = PBXBuildFile; fileRef = 38E1B24B2177D31800F75CEA /* CodingUserInfoKey+Extension.swift */; };
		38E7F87E210F33E8007260FD /* SmogError.swift in Sources */ = {isa = PBXBuildFile; fileRef = 38E7F87D210F33E8007260FD /* SmogError.swift */; };
		38E7F882210F4369007260FD /* GetStationData.swift in Sources */ = {isa = PBXBuildFile; fileRef = 38E7F881210F4369007260FD /* GetStationData.swift */; };
		38E7F884210F4413007260FD /* GetStationSensors.swift in Sources */ = {isa = PBXBuildFile; fileRef = 38E7F883210F4413007260FD /* GetStationSensors.swift */; };
		38E7F886210F443B007260FD /* GetStationAirQuality.swift in Sources */ = {isa = PBXBuildFile; fileRef = 38E7F885210F443B007260FD /* GetStationAirQuality.swift */; };
		38E7F8972111C765007260FD /* AppDelegate+BackgroundFetching.swift in Sources */ = {isa = PBXBuildFile; fileRef = 38E7F8962111C765007260FD /* AppDelegate+BackgroundFetching.swift */; };
		38F910E22108DE74002DB8F8 /* GetStations.swift in Sources */ = {isa = PBXBuildFile; fileRef = 38F910E12108DE74002DB8F8 /* GetStations.swift */; };
		38F910E5210A4667002DB8F8 /* SmogAPI.swift in Sources */ = {isa = PBXBuildFile; fileRef = 38F910E4210A4667002DB8F8 /* SmogAPI.swift */; };
/* End PBXBuildFile section */

/* Begin PBXContainerItemProxy section */
		3800136E20FE4B4B00725237 /* PBXContainerItemProxy */ = {
			isa = PBXContainerItemProxy;
			containerPortal = 3800134E20FE4B4900725237 /* Project object */;
			proxyType = 1;
			remoteGlobalIDString = 3800135520FE4B4900725237;
			remoteInfo = SmogWatch;
		};
		3800137920FE4B4B00725237 /* PBXContainerItemProxy */ = {
			isa = PBXContainerItemProxy;
			containerPortal = 3800134E20FE4B4900725237 /* Project object */;
			proxyType = 1;
			remoteGlobalIDString = 3800135520FE4B4900725237;
			remoteInfo = SmogWatch;
		};
/* End PBXContainerItemProxy section */

/* Begin PBXFileReference section */
		3800135620FE4B4900725237 /* SmogWatch.app */ = {isa = PBXFileReference; explicitFileType = wrapper.application; includeInIndex = 0; path = SmogWatch.app; sourceTree = BUILT_PRODUCTS_DIR; };
		3800135920FE4B4900725237 /* AppDelegate.swift */ = {isa = PBXFileReference; lastKnownFileType = sourcecode.swift; path = AppDelegate.swift; sourceTree = "<group>"; };
		3800135B20FE4B4900725237 /* ViewController.swift */ = {isa = PBXFileReference; lastKnownFileType = sourcecode.swift; path = ViewController.swift; sourceTree = "<group>"; };
		3800135E20FE4B4900725237 /* Base */ = {isa = PBXFileReference; lastKnownFileType = file.storyboard; name = Base; path = Base.lproj/Main.storyboard; sourceTree = "<group>"; };
		3800136120FE4B4900725237 /* SmogWatch.xcdatamodel */ = {isa = PBXFileReference; lastKnownFileType = wrapper.xcdatamodel; path = SmogWatch.xcdatamodel; sourceTree = "<group>"; };
		3800136320FE4B4B00725237 /* Assets.xcassets */ = {isa = PBXFileReference; lastKnownFileType = folder.assetcatalog; path = Assets.xcassets; sourceTree = "<group>"; };
		3800136620FE4B4B00725237 /* Base */ = {isa = PBXFileReference; lastKnownFileType = file.storyboard; name = Base; path = Base.lproj/LaunchScreen.storyboard; sourceTree = "<group>"; };
		3800136820FE4B4B00725237 /* Info.plist */ = {isa = PBXFileReference; lastKnownFileType = text.plist.xml; path = Info.plist; sourceTree = "<group>"; };
		3800136D20FE4B4B00725237 /* SmogWatchTests.xctest */ = {isa = PBXFileReference; explicitFileType = wrapper.cfbundle; includeInIndex = 0; path = SmogWatchTests.xctest; sourceTree = BUILT_PRODUCTS_DIR; };
		3800137120FE4B4B00725237 /* SmogWatchTests.swift */ = {isa = PBXFileReference; lastKnownFileType = sourcecode.swift; path = SmogWatchTests.swift; sourceTree = "<group>"; };
		3800137320FE4B4B00725237 /* Info.plist */ = {isa = PBXFileReference; lastKnownFileType = text.plist.xml; path = Info.plist; sourceTree = "<group>"; };
		3800137820FE4B4B00725237 /* SmogWatchUITests.xctest */ = {isa = PBXFileReference; explicitFileType = wrapper.cfbundle; includeInIndex = 0; path = SmogWatchUITests.xctest; sourceTree = BUILT_PRODUCTS_DIR; };
		3800137C20FE4B4B00725237 /* SmogWatchUITests.swift */ = {isa = PBXFileReference; lastKnownFileType = sourcecode.swift; path = SmogWatchUITests.swift; sourceTree = "<group>"; };
		3800137E20FE4B4B00725237 /* Info.plist */ = {isa = PBXFileReference; lastKnownFileType = text.plist.xml; path = Info.plist; sourceTree = "<group>"; };
		3806DE372176CA0500C3C1F1 /* Station+CoreDataClass.swift */ = {isa = PBXFileReference; lastKnownFileType = sourcecode.swift; path = "Station+CoreDataClass.swift"; sourceTree = "<group>"; };
		3806DE382176CA0500C3C1F1 /* Station+CoreDataProperties.swift */ = {isa = PBXFileReference; lastKnownFileType = sourcecode.swift; path = "Station+CoreDataProperties.swift"; sourceTree = "<group>"; };
		3806DE392176CA0500C3C1F1 /* SensorParameters+CoreDataClass.swift */ = {isa = PBXFileReference; lastKnownFileType = sourcecode.swift; path = "SensorParameters+CoreDataClass.swift"; sourceTree = "<group>"; };
		3806DE3A2176CA0500C3C1F1 /* SensorParameters+CoreDataProperties.swift */ = {isa = PBXFileReference; lastKnownFileType = sourcecode.swift; path = "SensorParameters+CoreDataProperties.swift"; sourceTree = "<group>"; };
		3806DE3B2176CA0500C3C1F1 /* AirQuality+CoreDataClass.swift */ = {isa = PBXFileReference; lastKnownFileType = sourcecode.swift; path = "AirQuality+CoreDataClass.swift"; sourceTree = "<group>"; };
		3806DE3C2176CA0500C3C1F1 /* AirQuality+CoreDataProperties.swift */ = {isa = PBXFileReference; lastKnownFileType = sourcecode.swift; path = "AirQuality+CoreDataProperties.swift"; sourceTree = "<group>"; };
		3806DE3D2176CA0500C3C1F1 /* Sensor+CoreDataClass.swift */ = {isa = PBXFileReference; lastKnownFileType = sourcecode.swift; path = "Sensor+CoreDataClass.swift"; sourceTree = "<group>"; };
		3806DE3E2176CA0500C3C1F1 /* Sensor+CoreDataProperties.swift */ = {isa = PBXFileReference; lastKnownFileType = sourcecode.swift; path = "Sensor+CoreDataProperties.swift"; sourceTree = "<group>"; };
		3806DE3F2176CA0500C3C1F1 /* Commune+CoreDataClass.swift */ = {isa = PBXFileReference; lastKnownFileType = sourcecode.swift; path = "Commune+CoreDataClass.swift"; sourceTree = "<group>"; };
		3806DE402176CA0500C3C1F1 /* Commune+CoreDataProperties.swift */ = {isa = PBXFileReference; lastKnownFileType = sourcecode.swift; path = "Commune+CoreDataProperties.swift"; sourceTree = "<group>"; };
		3806DE412176CA0500C3C1F1 /* IndexLevel+CoreDataClass.swift */ = {isa = PBXFileReference; lastKnownFileType = sourcecode.swift; path = "IndexLevel+CoreDataClass.swift"; sourceTree = "<group>"; };
		3806DE422176CA0500C3C1F1 /* IndexLevel+CoreDataProperties.swift */ = {isa = PBXFileReference; lastKnownFileType = sourcecode.swift; path = "IndexLevel+CoreDataProperties.swift"; sourceTree = "<group>"; };
		3806DE432176CA0500C3C1F1 /* ParameterData+CoreDataClass.swift */ = {isa = PBXFileReference; lastKnownFileType = sourcecode.swift; path = "ParameterData+CoreDataClass.swift"; sourceTree = "<group>"; };
		3806DE442176CA0500C3C1F1 /* ParameterData+CoreDataProperties.swift */ = {isa = PBXFileReference; lastKnownFileType = sourcecode.swift; path = "ParameterData+CoreDataProperties.swift"; sourceTree = "<group>"; };
		3806DE452176CA0500C3C1F1 /* City+CoreDataClass.swift */ = {isa = PBXFileReference; lastKnownFileType = sourcecode.swift; path = "City+CoreDataClass.swift"; sourceTree = "<group>"; };
		3806DE462176CA0500C3C1F1 /* City+CoreDataProperties.swift */ = {isa = PBXFileReference; lastKnownFileType = sourcecode.swift; path = "City+CoreDataProperties.swift"; sourceTree = "<group>"; };
		3806DE472176CA0500C3C1F1 /* SensorData+CoreDataClass.swift */ = {isa = PBXFileReference; lastKnownFileType = sourcecode.swift; path = "SensorData+CoreDataClass.swift"; sourceTree = "<group>"; };
		3806DE482176CA0500C3C1F1 /* SensorData+CoreDataProperties.swift */ = {isa = PBXFileReference; lastKnownFileType = sourcecode.swift; path = "SensorData+CoreDataProperties.swift"; sourceTree = "<group>"; };
		38D50A0E21077A95008AB8D2 /* Request.swift */ = {isa = PBXFileReference; lastKnownFileType = sourcecode.swift; path = Request.swift; sourceTree = "<group>"; };
		38D50A1221078E76008AB8D2 /* API.swift */ = {isa = PBXFileReference; lastKnownFileType = sourcecode.swift; path = API.swift; sourceTree = "<group>"; };
		38D50A1521078F44008AB8D2 /* Response.swift */ = {isa = PBXFileReference; lastKnownFileType = sourcecode.swift; path = Response.swift; sourceTree = "<group>"; };
		38E1B24B2177D31800F75CEA /* CodingUserInfoKey+Extension.swift */ = {isa = PBXFileReference; lastKnownFileType = sourcecode.swift; path = "CodingUserInfoKey+Extension.swift"; sourceTree = "<group>"; };
		38E7F87D210F33E8007260FD /* SmogError.swift */ = {isa = PBXFileReference; lastKnownFileType = sourcecode.swift; path = SmogError.swift; sourceTree = "<group>"; };
		38E7F881210F4369007260FD /* GetStationData.swift */ = {isa = PBXFileReference; lastKnownFileType = sourcecode.swift; path = GetStationData.swift; sourceTree = "<group>"; };
		38E7F883210F4413007260FD /* GetStationSensors.swift */ = {isa = PBXFileReference; lastKnownFileType = sourcecode.swift; path = GetStationSensors.swift; sourceTree = "<group>"; };
		38E7F885210F443B007260FD /* GetStationAirQuality.swift */ = {isa = PBXFileReference; lastKnownFileType = sourcecode.swift; path = GetStationAirQuality.swift; sourceTree = "<group>"; };
		38E7F8962111C765007260FD /* AppDelegate+BackgroundFetching.swift */ = {isa = PBXFileReference; lastKnownFileType = sourcecode.swift; path = "AppDelegate+BackgroundFetching.swift"; sourceTree = "<group>"; };
		38F910E12108DE74002DB8F8 /* GetStations.swift */ = {isa = PBXFileReference; lastKnownFileType = sourcecode.swift; path = GetStations.swift; sourceTree = "<group>"; };
		38F910E4210A4667002DB8F8 /* SmogAPI.swift */ = {isa = PBXFileReference; lastKnownFileType = sourcecode.swift; path = SmogAPI.swift; sourceTree = "<group>"; };
/* End PBXFileReference section */

/* Begin PBXFrameworksBuildPhase section */
		3800135320FE4B4900725237 /* Frameworks */ = {
			isa = PBXFrameworksBuildPhase;
			buildActionMask = 2147483647;
			files = (
			);
			runOnlyForDeploymentPostprocessing = 0;
		};
		3800136A20FE4B4B00725237 /* Frameworks */ = {
			isa = PBXFrameworksBuildPhase;
			buildActionMask = 2147483647;
			files = (
			);
			runOnlyForDeploymentPostprocessing = 0;
		};
		3800137520FE4B4B00725237 /* Frameworks */ = {
			isa = PBXFrameworksBuildPhase;
			buildActionMask = 2147483647;
			files = (
			);
			runOnlyForDeploymentPostprocessing = 0;
		};
/* End PBXFrameworksBuildPhase section */

/* Begin PBXGroup section */
		3800134D20FE4B4900725237 = {
			isa = PBXGroup;
			children = (
				3800135820FE4B4900725237 /* SmogWatch */,
				3800137020FE4B4B00725237 /* SmogWatchTests */,
				3800137B20FE4B4B00725237 /* SmogWatchUITests */,
				3800135720FE4B4900725237 /* Products */,
			);
			sourceTree = "<group>";
		};
		3800135720FE4B4900725237 /* Products */ = {
			isa = PBXGroup;
			children = (
				3800135620FE4B4900725237 /* SmogWatch.app */,
				3800136D20FE4B4B00725237 /* SmogWatchTests.xctest */,
				3800137820FE4B4B00725237 /* SmogWatchUITests.xctest */,
			);
			name = Products;
			sourceTree = "<group>";
		};
		3800135820FE4B4900725237 /* SmogWatch */ = {
			isa = PBXGroup;
			children = (
				38E7F8932111C733007260FD /* App */,
				3800136820FE4B4B00725237 /* Info.plist */,
				38F910E02108D89E002DB8F8 /* Database */,
				38F910DF2108D893002DB8F8 /* Resources */,
				38F910DE2108D7E5002DB8F8 /* Screens */,
				38F910DD2108D7CE002DB8F8 /* Storyboards */,
				3800138B20FE509E00725237 /* Models */,
				3800138A20FE509400725237 /* Networking */,
			);
			path = SmogWatch;
			sourceTree = "<group>";
		};
		3800137020FE4B4B00725237 /* SmogWatchTests */ = {
			isa = PBXGroup;
			children = (
				3800137120FE4B4B00725237 /* SmogWatchTests.swift */,
				3800137320FE4B4B00725237 /* Info.plist */,
			);
			path = SmogWatchTests;
			sourceTree = "<group>";
		};
		3800137B20FE4B4B00725237 /* SmogWatchUITests */ = {
			isa = PBXGroup;
			children = (
				3800137C20FE4B4B00725237 /* SmogWatchUITests.swift */,
				3800137E20FE4B4B00725237 /* Info.plist */,
			);
			path = SmogWatchUITests;
			sourceTree = "<group>";
		};
		3800138A20FE509400725237 /* Networking */ = {
			isa = PBXGroup;
			children = (
				38F910E3210A4649002DB8F8 /* SmogAPI */,
				38F910DC2108D7B8002DB8F8 /* Requests */,
				38D50A1421078F2A008AB8D2 /* Utilities */,
				38D50A0D21077A89008AB8D2 /* Protocols */,
			);
			path = Networking;
			sourceTree = "<group>";
		};
		3800138B20FE509E00725237 /* Models */ = {
			isa = PBXGroup;
			children = (
				38DE68D4216BB53000A181DA /* CoreData+Extensions */,
			);
			path = Models;
			sourceTree = "<group>";
		};
		38D50A0D21077A89008AB8D2 /* Protocols */ = {
			isa = PBXGroup;
			children = (
				38D50A1221078E76008AB8D2 /* API.swift */,
				38D50A0E21077A95008AB8D2 /* Request.swift */,
			);
			path = Protocols;
			sourceTree = "<group>";
		};
		38D50A1421078F2A008AB8D2 /* Utilities */ = {
			isa = PBXGroup;
			children = (
				38D50A1521078F44008AB8D2 /* Response.swift */,
			);
			path = Utilities;
			sourceTree = "<group>";
		};
		38DE68D4216BB53000A181DA /* CoreData+Extensions */ = {
			isa = PBXGroup;
			children = (
				38E1B24D2177D75A00F75CEA /* StationGroup */,
				38E1B24E2177D9B500F75CEA /* AirQualityGroup */,
				38E1B2552177DF6A00F75CEA /* SensorDataGroup */,
				3806DE3A2176CA0500C3C1F1 /* SensorParameters+CoreDataProperties.swift */,
				3806DE3E2176CA0500C3C1F1 /* Sensor+CoreDataProperties.swift */,
				3806DE392176CA0500C3C1F1 /* SensorParameters+CoreDataClass.swift */,
				3806DE3D2176CA0500C3C1F1 /* Sensor+CoreDataClass.swift */,
			);
			path = "CoreData+Extensions";
			sourceTree = "<group>";
		};
		38E1B24D2177D75A00F75CEA /* StationGroup */ = {
			isa = PBXGroup;
			children = (
				38E1B24F2177D9E200F75CEA /* Station */,
				38E1B2502177D9F100F75CEA /* City */,
				38E1B2512177D9FF00F75CEA /* Comunne */,
			);
			path = StationGroup;
			sourceTree = "<group>";
		};
		38E1B24E2177D9B500F75CEA /* AirQualityGroup */ = {
			isa = PBXGroup;
			children = (
				38E1B2532177DA2800F75CEA /* AirQuality */,
				38E1B2542177DA3500F75CEA /* IndexLevel */,
			);
			path = AirQualityGroup;
			sourceTree = "<group>";
		};
		38E1B24F2177D9E200F75CEA /* Station */ = {
			isa = PBXGroup;
			children = (
				3806DE382176CA0500C3C1F1 /* Station+CoreDataProperties.swift */,
				3806DE372176CA0500C3C1F1 /* Station+CoreDataClass.swift */,
			);
			path = Station;
			sourceTree = "<group>";
		};
		38E1B2502177D9F100F75CEA /* City */ = {
			isa = PBXGroup;
			children = (
				3806DE462176CA0500C3C1F1 /* City+CoreDataProperties.swift */,
				3806DE452176CA0500C3C1F1 /* City+CoreDataClass.swift */,
			);
			path = City;
			sourceTree = "<group>";
		};
		38E1B2512177D9FF00F75CEA /* Comunne */ = {
			isa = PBXGroup;
			children = (
				3806DE402176CA0500C3C1F1 /* Commune+CoreDataProperties.swift */,
				3806DE3F2176CA0500C3C1F1 /* Commune+CoreDataClass.swift */,
			);
			path = Comunne;
			sourceTree = "<group>";
		};
		38E1B2532177DA2800F75CEA /* AirQuality */ = {
			isa = PBXGroup;
			children = (
				3806DE3B2176CA0500C3C1F1 /* AirQuality+CoreDataClass.swift */,
				3806DE3C2176CA0500C3C1F1 /* AirQuality+CoreDataProperties.swift */,
			);
			path = AirQuality;
			sourceTree = "<group>";
		};
		38E1B2542177DA3500F75CEA /* IndexLevel */ = {
			isa = PBXGroup;
			children = (
				3806DE412176CA0500C3C1F1 /* IndexLevel+CoreDataClass.swift */,
				3806DE422176CA0500C3C1F1 /* IndexLevel+CoreDataProperties.swift */,
			);
			path = IndexLevel;
			sourceTree = "<group>";
		};
		38E1B2552177DF6A00F75CEA /* SensorDataGroup */ = {
			isa = PBXGroup;
			children = (
				38E1B2562177DF7900F75CEA /* SensorData */,
				38E1B2572177DF8000F75CEA /* ParameterData */,
			);
			path = SensorDataGroup;
			sourceTree = "<group>";
		};
		38E1B2562177DF7900F75CEA /* SensorData */ = {
			isa = PBXGroup;
			children = (
				3806DE472176CA0500C3C1F1 /* SensorData+CoreDataClass.swift */,
				3806DE482176CA0500C3C1F1 /* SensorData+CoreDataProperties.swift */,
			);
			path = SensorData;
			sourceTree = "<group>";
		};
		38E1B2572177DF8000F75CEA /* ParameterData */ = {
			isa = PBXGroup;
			children = (
				3806DE432176CA0500C3C1F1 /* ParameterData+CoreDataClass.swift */,
				3806DE442176CA0500C3C1F1 /* ParameterData+CoreDataProperties.swift */,
			);
			path = ParameterData;
			sourceTree = "<group>";
		};
		38E7F8932111C733007260FD /* App */ = {
			isa = PBXGroup;
			children = (
				3800135920FE4B4900725237 /* AppDelegate.swift */,
				38E7F8962111C765007260FD /* AppDelegate+BackgroundFetching.swift */,
			);
			path = App;
			sourceTree = "<group>";
		};
		38F910DC2108D7B8002DB8F8 /* Requests */ = {
			isa = PBXGroup;
			children = (
				38F910E12108DE74002DB8F8 /* GetStations.swift */,
				38E7F883210F4413007260FD /* GetStationSensors.swift */,
				38E7F881210F4369007260FD /* GetStationData.swift */,
				38E7F885210F443B007260FD /* GetStationAirQuality.swift */,
			);
			path = Requests;
			sourceTree = "<group>";
		};
		38F910DD2108D7CE002DB8F8 /* Storyboards */ = {
			isa = PBXGroup;
			children = (
				3800135D20FE4B4900725237 /* Main.storyboard */,
				3800136520FE4B4B00725237 /* LaunchScreen.storyboard */,
			);
			path = Storyboards;
			sourceTree = "<group>";
		};
		38F910DE2108D7E5002DB8F8 /* Screens */ = {
			isa = PBXGroup;
			children = (
				3800135B20FE4B4900725237 /* ViewController.swift */,
			);
			path = Screens;
			sourceTree = "<group>";
		};
		38F910DF2108D893002DB8F8 /* Resources */ = {
			isa = PBXGroup;
			children = (
				3800136320FE4B4B00725237 /* Assets.xcassets */,
			);
			path = Resources;
			sourceTree = "<group>";
		};
		38F910E02108D89E002DB8F8 /* Database */ = {
			isa = PBXGroup;
			children = (
				3800136020FE4B4900725237 /* SmogWatch.xcdatamodeld */,
				38E1B24B2177D31800F75CEA /* CodingUserInfoKey+Extension.swift */,
			);
			path = Database;
			sourceTree = "<group>";
		};
		38F910E3210A4649002DB8F8 /* SmogAPI */ = {
			isa = PBXGroup;
			children = (
				38F910E4210A4667002DB8F8 /* SmogAPI.swift */,
				38E7F87D210F33E8007260FD /* SmogError.swift */,
			);
			path = SmogAPI;
			sourceTree = "<group>";
		};
/* End PBXGroup section */

/* Begin PBXNativeTarget section */
		3800135520FE4B4900725237 /* SmogWatch */ = {
			isa = PBXNativeTarget;
			buildConfigurationList = 3800138120FE4B4B00725237 /* Build configuration list for PBXNativeTarget "SmogWatch" */;
			buildPhases = (
				3800135220FE4B4900725237 /* Sources */,
				3800135320FE4B4900725237 /* Frameworks */,
				3800135420FE4B4900725237 /* Resources */,
			);
			buildRules = (
			);
			dependencies = (
			);
			name = SmogWatch;
			productName = SmogWatch;
			productReference = 3800135620FE4B4900725237 /* SmogWatch.app */;
			productType = "com.apple.product-type.application";
		};
		3800136C20FE4B4B00725237 /* SmogWatchTests */ = {
			isa = PBXNativeTarget;
			buildConfigurationList = 3800138420FE4B4B00725237 /* Build configuration list for PBXNativeTarget "SmogWatchTests" */;
			buildPhases = (
				3800136920FE4B4B00725237 /* Sources */,
				3800136A20FE4B4B00725237 /* Frameworks */,
				3800136B20FE4B4B00725237 /* Resources */,
			);
			buildRules = (
			);
			dependencies = (
				3800136F20FE4B4B00725237 /* PBXTargetDependency */,
			);
			name = SmogWatchTests;
			productName = SmogWatchTests;
			productReference = 3800136D20FE4B4B00725237 /* SmogWatchTests.xctest */;
			productType = "com.apple.product-type.bundle.unit-test";
		};
		3800137720FE4B4B00725237 /* SmogWatchUITests */ = {
			isa = PBXNativeTarget;
			buildConfigurationList = 3800138720FE4B4B00725237 /* Build configuration list for PBXNativeTarget "SmogWatchUITests" */;
			buildPhases = (
				3800137420FE4B4B00725237 /* Sources */,
				3800137520FE4B4B00725237 /* Frameworks */,
				3800137620FE4B4B00725237 /* Resources */,
			);
			buildRules = (
			);
			dependencies = (
				3800137A20FE4B4B00725237 /* PBXTargetDependency */,
			);
			name = SmogWatchUITests;
			productName = SmogWatchUITests;
			productReference = 3800137820FE4B4B00725237 /* SmogWatchUITests.xctest */;
			productType = "com.apple.product-type.bundle.ui-testing";
		};
/* End PBXNativeTarget section */

/* Begin PBXProject section */
		3800134E20FE4B4900725237 /* Project object */ = {
			isa = PBXProject;
			attributes = {
				LastSwiftUpdateCheck = 0940;
				LastUpgradeCheck = 0940;
				ORGANIZATIONNAME = "Filip Szukala";
				TargetAttributes = {
					3800135520FE4B4900725237 = {
						CreatedOnToolsVersion = 9.4.1;
						LastSwiftMigration = 1000;
						SystemCapabilities = {
							com.apple.BackgroundModes = {
								enabled = 1;
							};
						};
					};
					3800136C20FE4B4B00725237 = {
						CreatedOnToolsVersion = 9.4.1;
						LastSwiftMigration = 1000;
						TestTargetID = 3800135520FE4B4900725237;
					};
					3800137720FE4B4B00725237 = {
						CreatedOnToolsVersion = 9.4.1;
						LastSwiftMigration = 1000;
						TestTargetID = 3800135520FE4B4900725237;
					};
				};
			};
			buildConfigurationList = 3800135120FE4B4900725237 /* Build configuration list for PBXProject "SmogWatch" */;
			compatibilityVersion = "Xcode 9.3";
			developmentRegion = en;
			hasScannedForEncodings = 0;
			knownRegions = (
				en,
				Base,
			);
			mainGroup = 3800134D20FE4B4900725237;
			productRefGroup = 3800135720FE4B4900725237 /* Products */;
			projectDirPath = "";
			projectRoot = "";
			targets = (
				3800135520FE4B4900725237 /* SmogWatch */,
				3800136C20FE4B4B00725237 /* SmogWatchTests */,
				3800137720FE4B4B00725237 /* SmogWatchUITests */,
			);
		};
/* End PBXProject section */

/* Begin PBXResourcesBuildPhase section */
		3800135420FE4B4900725237 /* Resources */ = {
			isa = PBXResourcesBuildPhase;
			buildActionMask = 2147483647;
			files = (
				3800136720FE4B4B00725237 /* LaunchScreen.storyboard in Resources */,
				3800136420FE4B4B00725237 /* Assets.xcassets in Resources */,
				3800135F20FE4B4900725237 /* Main.storyboard in Resources */,
			);
			runOnlyForDeploymentPostprocessing = 0;
		};
		3800136B20FE4B4B00725237 /* Resources */ = {
			isa = PBXResourcesBuildPhase;
			buildActionMask = 2147483647;
			files = (
			);
			runOnlyForDeploymentPostprocessing = 0;
		};
		3800137620FE4B4B00725237 /* Resources */ = {
			isa = PBXResourcesBuildPhase;
			buildActionMask = 2147483647;
			files = (
			);
			runOnlyForDeploymentPostprocessing = 0;
		};
/* End PBXResourcesBuildPhase section */

/* Begin PBXSourcesBuildPhase section */
		3800135220FE4B4900725237 /* Sources */ = {
			isa = PBXSourcesBuildPhase;
			buildActionMask = 2147483647;
			files = (
				38F910E5210A4667002DB8F8 /* SmogAPI.swift in Sources */,
				3806DE552176CA0600C3C1F1 /* ParameterData+CoreDataClass.swift in Sources */,
				3806DE4B2176CA0500C3C1F1 /* SensorParameters+CoreDataClass.swift in Sources */,
				3806DE562176CA0600C3C1F1 /* ParameterData+CoreDataProperties.swift in Sources */,
				38E1B24C2177D31800F75CEA /* CodingUserInfoKey+Extension.swift in Sources */,
				38E7F8972111C765007260FD /* AppDelegate+BackgroundFetching.swift in Sources */,
				3800135C20FE4B4900725237 /* ViewController.swift in Sources */,
				3806DE512176CA0600C3C1F1 /* Commune+CoreDataClass.swift in Sources */,
				3806DE532176CA0600C3C1F1 /* IndexLevel+CoreDataClass.swift in Sources */,
				38E7F882210F4369007260FD /* GetStationData.swift in Sources */,
				3806DE492176CA0500C3C1F1 /* Station+CoreDataClass.swift in Sources */,
				3800136220FE4B4900725237 /* SmogWatch.xcdatamodeld in Sources */,
				38E7F886210F443B007260FD /* GetStationAirQuality.swift in Sources */,
				3806DE572176CA0600C3C1F1 /* City+CoreDataClass.swift in Sources */,
				38F910E22108DE74002DB8F8 /* GetStations.swift in Sources */,
				3806DE4C2176CA0600C3C1F1 /* SensorParameters+CoreDataProperties.swift in Sources */,
				38E7F884210F4413007260FD /* GetStationSensors.swift in Sources */,
				3806DE582176CA0600C3C1F1 /* City+CoreDataProperties.swift in Sources */,
				3806DE4F2176CA0600C3C1F1 /* Sensor+CoreDataClass.swift in Sources */,
				3800135A20FE4B4900725237 /* AppDelegate.swift in Sources */,
				38D50A0F21077A95008AB8D2 /* Request.swift in Sources */,
				3806DE4A2176CA0500C3C1F1 /* Station+CoreDataProperties.swift in Sources */,
				38D50A1321078E76008AB8D2 /* API.swift in Sources */,
				38E7F87E210F33E8007260FD /* SmogError.swift in Sources */,
				3806DE4D2176CA0600C3C1F1 /* AirQuality+CoreDataClass.swift in Sources */,
				3806DE542176CA0600C3C1F1 /* IndexLevel+CoreDataProperties.swift in Sources */,
				3806DE5A2176CA0600C3C1F1 /* SensorData+CoreDataProperties.swift in Sources */,
				3806DE592176CA0600C3C1F1 /* SensorData+CoreDataClass.swift in Sources */,
				3806DE502176CA0600C3C1F1 /* Sensor+CoreDataProperties.swift in Sources */,
				38D50A1621078F44008AB8D2 /* Response.swift in Sources */,
				3806DE522176CA0600C3C1F1 /* Commune+CoreDataProperties.swift in Sources */,
				3806DE4E2176CA0600C3C1F1 /* AirQuality+CoreDataProperties.swift in Sources */,
			);
			runOnlyForDeploymentPostprocessing = 0;
		};
		3800136920FE4B4B00725237 /* Sources */ = {
			isa = PBXSourcesBuildPhase;
			buildActionMask = 2147483647;
			files = (
				3800137220FE4B4B00725237 /* SmogWatchTests.swift in Sources */,
			);
			runOnlyForDeploymentPostprocessing = 0;
		};
		3800137420FE4B4B00725237 /* Sources */ = {
			isa = PBXSourcesBuildPhase;
			buildActionMask = 2147483647;
			files = (
				3800137D20FE4B4B00725237 /* SmogWatchUITests.swift in Sources */,
			);
			runOnlyForDeploymentPostprocessing = 0;
		};
/* End PBXSourcesBuildPhase section */

/* Begin PBXTargetDependency section */
		3800136F20FE4B4B00725237 /* PBXTargetDependency */ = {
			isa = PBXTargetDependency;
			target = 3800135520FE4B4900725237 /* SmogWatch */;
			targetProxy = 3800136E20FE4B4B00725237 /* PBXContainerItemProxy */;
		};
		3800137A20FE4B4B00725237 /* PBXTargetDependency */ = {
			isa = PBXTargetDependency;
			target = 3800135520FE4B4900725237 /* SmogWatch */;
			targetProxy = 3800137920FE4B4B00725237 /* PBXContainerItemProxy */;
		};
/* End PBXTargetDependency section */

/* Begin PBXVariantGroup section */
		3800135D20FE4B4900725237 /* Main.storyboard */ = {
			isa = PBXVariantGroup;
			children = (
				3800135E20FE4B4900725237 /* Base */,
			);
			name = Main.storyboard;
			sourceTree = "<group>";
		};
		3800136520FE4B4B00725237 /* LaunchScreen.storyboard */ = {
			isa = PBXVariantGroup;
			children = (
				3800136620FE4B4B00725237 /* Base */,
			);
			name = LaunchScreen.storyboard;
			sourceTree = "<group>";
		};
/* End PBXVariantGroup section */

/* Begin XCBuildConfiguration section */
		3800137F20FE4B4B00725237 /* Debug */ = {
			isa = XCBuildConfiguration;
			buildSettings = {
				ALWAYS_SEARCH_USER_PATHS = NO;
				CLANG_ANALYZER_NONNULL = YES;
				CLANG_ANALYZER_NUMBER_OBJECT_CONVERSION = YES_AGGRESSIVE;
				CLANG_CXX_LANGUAGE_STANDARD = "gnu++14";
				CLANG_CXX_LIBRARY = "libc++";
				CLANG_ENABLE_MODULES = YES;
				CLANG_ENABLE_OBJC_ARC = YES;
				CLANG_ENABLE_OBJC_WEAK = YES;
				CLANG_WARN_BLOCK_CAPTURE_AUTORELEASING = YES;
				CLANG_WARN_BOOL_CONVERSION = YES;
				CLANG_WARN_COMMA = YES;
				CLANG_WARN_CONSTANT_CONVERSION = YES;
				CLANG_WARN_DEPRECATED_OBJC_IMPLEMENTATIONS = YES;
				CLANG_WARN_DIRECT_OBJC_ISA_USAGE = YES_ERROR;
				CLANG_WARN_DOCUMENTATION_COMMENTS = YES;
				CLANG_WARN_EMPTY_BODY = YES;
				CLANG_WARN_ENUM_CONVERSION = YES;
				CLANG_WARN_INFINITE_RECURSION = YES;
				CLANG_WARN_INT_CONVERSION = YES;
				CLANG_WARN_NON_LITERAL_NULL_CONVERSION = YES;
				CLANG_WARN_OBJC_IMPLICIT_RETAIN_SELF = YES;
				CLANG_WARN_OBJC_LITERAL_CONVERSION = YES;
				CLANG_WARN_OBJC_ROOT_CLASS = YES_ERROR;
				CLANG_WARN_RANGE_LOOP_ANALYSIS = YES;
				CLANG_WARN_STRICT_PROTOTYPES = YES;
				CLANG_WARN_SUSPICIOUS_MOVE = YES;
				CLANG_WARN_UNGUARDED_AVAILABILITY = YES_AGGRESSIVE;
				CLANG_WARN_UNREACHABLE_CODE = YES;
				CLANG_WARN__DUPLICATE_METHOD_MATCH = YES;
				CODE_SIGN_IDENTITY = "iPhone Developer";
				COPY_PHASE_STRIP = NO;
				DEBUG_INFORMATION_FORMAT = dwarf;
				ENABLE_STRICT_OBJC_MSGSEND = YES;
				ENABLE_TESTABILITY = YES;
				GCC_C_LANGUAGE_STANDARD = gnu11;
				GCC_DYNAMIC_NO_PIC = NO;
				GCC_NO_COMMON_BLOCKS = YES;
				GCC_OPTIMIZATION_LEVEL = 0;
				GCC_PREPROCESSOR_DEFINITIONS = (
					"DEBUG=1",
					"$(inherited)",
				);
				GCC_WARN_64_TO_32_BIT_CONVERSION = YES;
				GCC_WARN_ABOUT_RETURN_TYPE = YES_ERROR;
				GCC_WARN_UNDECLARED_SELECTOR = YES;
				GCC_WARN_UNINITIALIZED_AUTOS = YES_AGGRESSIVE;
				GCC_WARN_UNUSED_FUNCTION = YES;
				GCC_WARN_UNUSED_VARIABLE = YES;
				IPHONEOS_DEPLOYMENT_TARGET = 12.0;
				MTL_ENABLE_DEBUG_INFO = YES;
				ONLY_ACTIVE_ARCH = YES;
				SDKROOT = iphoneos;
				SWIFT_ACTIVE_COMPILATION_CONDITIONS = DEBUG;
				SWIFT_OPTIMIZATION_LEVEL = "-Onone";
			};
			name = Debug;
		};
		3800138020FE4B4B00725237 /* Release */ = {
			isa = XCBuildConfiguration;
			buildSettings = {
				ALWAYS_SEARCH_USER_PATHS = NO;
				CLANG_ANALYZER_NONNULL = YES;
				CLANG_ANALYZER_NUMBER_OBJECT_CONVERSION = YES_AGGRESSIVE;
				CLANG_CXX_LANGUAGE_STANDARD = "gnu++14";
				CLANG_CXX_LIBRARY = "libc++";
				CLANG_ENABLE_MODULES = YES;
				CLANG_ENABLE_OBJC_ARC = YES;
				CLANG_ENABLE_OBJC_WEAK = YES;
				CLANG_WARN_BLOCK_CAPTURE_AUTORELEASING = YES;
				CLANG_WARN_BOOL_CONVERSION = YES;
				CLANG_WARN_COMMA = YES;
				CLANG_WARN_CONSTANT_CONVERSION = YES;
				CLANG_WARN_DEPRECATED_OBJC_IMPLEMENTATIONS = YES;
				CLANG_WARN_DIRECT_OBJC_ISA_USAGE = YES_ERROR;
				CLANG_WARN_DOCUMENTATION_COMMENTS = YES;
				CLANG_WARN_EMPTY_BODY = YES;
				CLANG_WARN_ENUM_CONVERSION = YES;
				CLANG_WARN_INFINITE_RECURSION = YES;
				CLANG_WARN_INT_CONVERSION = YES;
				CLANG_WARN_NON_LITERAL_NULL_CONVERSION = YES;
				CLANG_WARN_OBJC_IMPLICIT_RETAIN_SELF = YES;
				CLANG_WARN_OBJC_LITERAL_CONVERSION = YES;
				CLANG_WARN_OBJC_ROOT_CLASS = YES_ERROR;
				CLANG_WARN_RANGE_LOOP_ANALYSIS = YES;
				CLANG_WARN_STRICT_PROTOTYPES = YES;
				CLANG_WARN_SUSPICIOUS_MOVE = YES;
				CLANG_WARN_UNGUARDED_AVAILABILITY = YES_AGGRESSIVE;
				CLANG_WARN_UNREACHABLE_CODE = YES;
				CLANG_WARN__DUPLICATE_METHOD_MATCH = YES;
				CODE_SIGN_IDENTITY = "iPhone Developer";
				COPY_PHASE_STRIP = NO;
				DEBUG_INFORMATION_FORMAT = "dwarf-with-dsym";
				ENABLE_NS_ASSERTIONS = NO;
				ENABLE_STRICT_OBJC_MSGSEND = YES;
				GCC_C_LANGUAGE_STANDARD = gnu11;
				GCC_NO_COMMON_BLOCKS = YES;
				GCC_WARN_64_TO_32_BIT_CONVERSION = YES;
				GCC_WARN_ABOUT_RETURN_TYPE = YES_ERROR;
				GCC_WARN_UNDECLARED_SELECTOR = YES;
				GCC_WARN_UNINITIALIZED_AUTOS = YES_AGGRESSIVE;
				GCC_WARN_UNUSED_FUNCTION = YES;
				GCC_WARN_UNUSED_VARIABLE = YES;
				IPHONEOS_DEPLOYMENT_TARGET = 12.0;
				MTL_ENABLE_DEBUG_INFO = NO;
				SDKROOT = iphoneos;
				SWIFT_COMPILATION_MODE = wholemodule;
				SWIFT_OPTIMIZATION_LEVEL = "-O";
				VALIDATE_PRODUCT = YES;
			};
			name = Release;
		};
		3800138220FE4B4B00725237 /* Debug */ = {
			isa = XCBuildConfiguration;
			buildSettings = {
				ASSETCATALOG_COMPILER_APPICON_NAME = AppIcon;
				CODE_SIGN_STYLE = Automatic;
				DEVELOPMENT_TEAM = GN5RD5DNZH;
				INFOPLIST_FILE = SmogWatch/Info.plist;
				LD_RUNPATH_SEARCH_PATHS = (
					"$(inherited)",
					"@executable_path/Frameworks",
				);
				PRODUCT_BUNDLE_IDENTIFIER = szukala.SmogWatch;
				PRODUCT_NAME = "$(TARGET_NAME)";
				SWIFT_VERSION = 4.2;
				TARGETED_DEVICE_FAMILY = "1,2";
			};
			name = Debug;
		};
		3800138320FE4B4B00725237 /* Release */ = {
			isa = XCBuildConfiguration;
			buildSettings = {
				ASSETCATALOG_COMPILER_APPICON_NAME = AppIcon;
				CODE_SIGN_STYLE = Automatic;
				DEVELOPMENT_TEAM = GN5RD5DNZH;
				INFOPLIST_FILE = SmogWatch/Info.plist;
				LD_RUNPATH_SEARCH_PATHS = (
					"$(inherited)",
					"@executable_path/Frameworks",
				);
				PRODUCT_BUNDLE_IDENTIFIER = szukala.SmogWatch;
				PRODUCT_NAME = "$(TARGET_NAME)";
				SWIFT_VERSION = 4.2;
				TARGETED_DEVICE_FAMILY = "1,2";
			};
			name = Release;
		};
		3800138520FE4B4B00725237 /* Debug */ = {
			isa = XCBuildConfiguration;
			buildSettings = {
				ALWAYS_EMBED_SWIFT_STANDARD_LIBRARIES = YES;
				BUNDLE_LOADER = "$(TEST_HOST)";
				CODE_SIGN_STYLE = Automatic;
				DEVELOPMENT_TEAM = GN5RD5DNZH;
				INFOPLIST_FILE = SmogWatchTests/Info.plist;
				LD_RUNPATH_SEARCH_PATHS = (
					"$(inherited)",
					"@executable_path/Frameworks",
					"@loader_path/Frameworks",
				);
				PRODUCT_BUNDLE_IDENTIFIER = fsz.SmogWatchTests;
				PRODUCT_NAME = "$(TARGET_NAME)";
				SWIFT_VERSION = 4.2;
				TARGETED_DEVICE_FAMILY = "1,2";
				TEST_HOST = "$(BUILT_PRODUCTS_DIR)/SmogWatch.app/SmogWatch";
			};
			name = Debug;
		};
		3800138620FE4B4B00725237 /* Release */ = {
			isa = XCBuildConfiguration;
			buildSettings = {
				ALWAYS_EMBED_SWIFT_STANDARD_LIBRARIES = YES;
				BUNDLE_LOADER = "$(TEST_HOST)";
				CODE_SIGN_STYLE = Automatic;
				DEVELOPMENT_TEAM = GN5RD5DNZH;
				INFOPLIST_FILE = SmogWatchTests/Info.plist;
				LD_RUNPATH_SEARCH_PATHS = (
					"$(inherited)",
					"@executable_path/Frameworks",
					"@loader_path/Frameworks",
				);
				PRODUCT_BUNDLE_IDENTIFIER = fsz.SmogWatchTests;
				PRODUCT_NAME = "$(TARGET_NAME)";
				SWIFT_VERSION = 4.2;
				TARGETED_DEVICE_FAMILY = "1,2";
				TEST_HOST = "$(BUILT_PRODUCTS_DIR)/SmogWatch.app/SmogWatch";
			};
			name = Release;
		};
		3800138820FE4B4B00725237 /* Debug */ = {
			isa = XCBuildConfiguration;
			buildSettings = {
				ALWAYS_EMBED_SWIFT_STANDARD_LIBRARIES = YES;
				CODE_SIGN_STYLE = Automatic;
				DEVELOPMENT_TEAM = GN5RD5DNZH;
				INFOPLIST_FILE = SmogWatchUITests/Info.plist;
				LD_RUNPATH_SEARCH_PATHS = (
					"$(inherited)",
					"@executable_path/Frameworks",
					"@loader_path/Frameworks",
				);
				PRODUCT_BUNDLE_IDENTIFIER = fsz.SmogWatchUITests;
				PRODUCT_NAME = "$(TARGET_NAME)";
				SWIFT_VERSION = 4.2;
				TARGETED_DEVICE_FAMILY = "1,2";
				TEST_TARGET_NAME = SmogWatch;
			};
			name = Debug;
		};
		3800138920FE4B4B00725237 /* Release */ = {
			isa = XCBuildConfiguration;
			buildSettings = {
				ALWAYS_EMBED_SWIFT_STANDARD_LIBRARIES = YES;
				CODE_SIGN_STYLE = Automatic;
				DEVELOPMENT_TEAM = GN5RD5DNZH;
				INFOPLIST_FILE = SmogWatchUITests/Info.plist;
				LD_RUNPATH_SEARCH_PATHS = (
					"$(inherited)",
					"@executable_path/Frameworks",
					"@loader_path/Frameworks",
				);
				PRODUCT_BUNDLE_IDENTIFIER = fsz.SmogWatchUITests;
				PRODUCT_NAME = "$(TARGET_NAME)";
				SWIFT_VERSION = 4.2;
				TARGETED_DEVICE_FAMILY = "1,2";
				TEST_TARGET_NAME = SmogWatch;
			};
			name = Release;
		};
/* End XCBuildConfiguration section */

/* Begin XCConfigurationList section */
		3800135120FE4B4900725237 /* Build configuration list for PBXProject "SmogWatch" */ = {
			isa = XCConfigurationList;
			buildConfigurations = (
				3800137F20FE4B4B00725237 /* Debug */,
				3800138020FE4B4B00725237 /* Release */,
			);
			defaultConfigurationIsVisible = 0;
			defaultConfigurationName = Release;
		};
		3800138120FE4B4B00725237 /* Build configuration list for PBXNativeTarget "SmogWatch" */ = {
			isa = XCConfigurationList;
			buildConfigurations = (
				3800138220FE4B4B00725237 /* Debug */,
				3800138320FE4B4B00725237 /* Release */,
			);
			defaultConfigurationIsVisible = 0;
			defaultConfigurationName = Release;
		};
		3800138420FE4B4B00725237 /* Build configuration list for PBXNativeTarget "SmogWatchTests" */ = {
			isa = XCConfigurationList;
			buildConfigurations = (
				3800138520FE4B4B00725237 /* Debug */,
				3800138620FE4B4B00725237 /* Release */,
			);
			defaultConfigurationIsVisible = 0;
			defaultConfigurationName = Release;
		};
		3800138720FE4B4B00725237 /* Build configuration list for PBXNativeTarget "SmogWatchUITests" */ = {
			isa = XCConfigurationList;
			buildConfigurations = (
				3800138820FE4B4B00725237 /* Debug */,
				3800138920FE4B4B00725237 /* Release */,
			);
			defaultConfigurationIsVisible = 0;
			defaultConfigurationName = Release;
		};
/* End XCConfigurationList section */

/* Begin XCVersionGroup section */
		3800136020FE4B4900725237 /* SmogWatch.xcdatamodeld */ = {
			isa = XCVersionGroup;
			children = (
				3800136120FE4B4900725237 /* SmogWatch.xcdatamodel */,
			);
			currentVersion = 3800136120FE4B4900725237 /* SmogWatch.xcdatamodel */;
			path = SmogWatch.xcdatamodeld;
			sourceTree = "<group>";
			versionGroupType = wrapper.xcdatamodel;
		};
/* End XCVersionGroup section */
	};
	rootObject = 3800134E20FE4B4900725237 /* Project object */;
}
