// !$*UTF8*$!
{
	archiveVersion = 1;
	classes = {
	};
	objectVersion = 50;
	objects = {

/* Begin PBXBuildFile section */
		3800135A20FE4B4900725237 /* AppDelegate.swift in Sources */ = {isa = PBXBuildFile; fileRef = 3800135920FE4B4900725237 /* AppDelegate.swift */; };
		3800135F20FE4B4900725237 /* Main.storyboard in Resources */ = {isa = PBXBuildFile; fileRef = 3800135D20FE4B4900725237 /* Main.storyboard */; };
		3800136420FE4B4B00725237 /* Assets.xcassets in Resources */ = {isa = PBXBuildFile; fileRef = 3800136320FE4B4B00725237 /* Assets.xcassets */; };
		3800136720FE4B4B00725237 /* LaunchScreen.storyboard in Resources */ = {isa = PBXBuildFile; fileRef = 3800136520FE4B4B00725237 /* LaunchScreen.storyboard */; };
		3800137220FE4B4B00725237 /* SmogWatchTests.swift in Sources */ = {isa = PBXBuildFile; fileRef = 3800137120FE4B4B00725237 /* SmogWatchTests.swift */; };
		3800137D20FE4B4B00725237 /* SmogWatchUITests.swift in Sources */ = {isa = PBXBuildFile; fileRef = 3800137C20FE4B4B00725237 /* SmogWatchUITests.swift */; };
		383A2F7F2191C9CB00D5FE5F /* Database+Save.swift in Sources */ = {isa = PBXBuildFile; fileRef = 383A2F7E2191C9CB00D5FE5F /* Database+Save.swift */; };
		383A2F812191CA2300D5FE5F /* Database+Get.swift in Sources */ = {isa = PBXBuildFile; fileRef = 383A2F802191CA2300D5FE5F /* Database+Get.swift */; };
		38443B0C2184BEFD000389E4 /* SmogDatabase.xcdatamodeld in Sources */ = {isa = PBXBuildFile; fileRef = 38443B0A2184BEFD000389E4 /* SmogDatabase.xcdatamodeld */; };
		38443B1521861C97000389E4 /* SmogData+CoreDataClass.swift in Sources */ = {isa = PBXBuildFile; fileRef = 38443B0D21861C97000389E4 /* SmogData+CoreDataClass.swift */; };
		38443B1621861C97000389E4 /* SmogData+CoreDataProperties.swift in Sources */ = {isa = PBXBuildFile; fileRef = 38443B0E21861C97000389E4 /* SmogData+CoreDataProperties.swift */; };
		38443B1721861C97000389E4 /* AirQuality+CoreDataClass.swift in Sources */ = {isa = PBXBuildFile; fileRef = 38443B0F21861C97000389E4 /* AirQuality+CoreDataClass.swift */; };
		38443B1821861C97000389E4 /* AirQuality+CoreDataProperties.swift in Sources */ = {isa = PBXBuildFile; fileRef = 38443B1021861C97000389E4 /* AirQuality+CoreDataProperties.swift */; };
		38443B1921861C97000389E4 /* Station+CoreDataClass.swift in Sources */ = {isa = PBXBuildFile; fileRef = 38443B1121861C97000389E4 /* Station+CoreDataClass.swift */; };
		38443B1A21861C97000389E4 /* Station+CoreDataProperties.swift in Sources */ = {isa = PBXBuildFile; fileRef = 38443B1221861C97000389E4 /* Station+CoreDataProperties.swift */; };
		38443B1B21861C97000389E4 /* Sensor+CoreDataClass.swift in Sources */ = {isa = PBXBuildFile; fileRef = 38443B1321861C97000389E4 /* Sensor+CoreDataClass.swift */; };
		38443B1C21861C97000389E4 /* Sensor+CoreDataProperties.swift in Sources */ = {isa = PBXBuildFile; fileRef = 38443B1421861C97000389E4 /* Sensor+CoreDataProperties.swift */; };
		385698DA21BC36F700BF1B16 /* Texts.swift in Sources */ = {isa = PBXBuildFile; fileRef = 385698D921BC36F700BF1B16 /* Texts.swift */; };
		389E0E18217D159C00327A03 /* CodableStation.swift in Sources */ = {isa = PBXBuildFile; fileRef = 389E0E17217D159C00327A03 /* CodableStation.swift */; };
		389E0E1A217D15A900327A03 /* CodableAirQuality.swift in Sources */ = {isa = PBXBuildFile; fileRef = 389E0E19217D15A900327A03 /* CodableAirQuality.swift */; };
		389E0E1C217D15B200327A03 /* CodableIndexLevel.swift in Sources */ = {isa = PBXBuildFile; fileRef = 389E0E1B217D15B200327A03 /* CodableIndexLevel.swift */; };
		389E0E1E217D15BF00327A03 /* CodableParameterData.swift in Sources */ = {isa = PBXBuildFile; fileRef = 389E0E1D217D15BF00327A03 /* CodableParameterData.swift */; };
		389E0E20217D420E00327A03 /* CodableSensor.swift in Sources */ = {isa = PBXBuildFile; fileRef = 389E0E1F217D420E00327A03 /* CodableSensor.swift */; };
		389E0E22217D421800327A03 /* CodableSensorData.swift in Sources */ = {isa = PBXBuildFile; fileRef = 389E0E21217D421800327A03 /* CodableSensorData.swift */; };
		389E0E24217D422300327A03 /* CodableSensorParameters.swift in Sources */ = {isa = PBXBuildFile; fileRef = 389E0E23217D422300327A03 /* CodableSensorParameters.swift */; };
		389E0E26217D435F00327A03 /* CodableCity.swift in Sources */ = {isa = PBXBuildFile; fileRef = 389E0E25217D435F00327A03 /* CodableCity.swift */; };
		389E0E28217D437200327A03 /* CodableCommune.swift in Sources */ = {isa = PBXBuildFile; fileRef = 389E0E27217D437200327A03 /* CodableCommune.swift */; };
		38A7BF6B2186382300F0774A /* CoreDatable.swift in Sources */ = {isa = PBXBuildFile; fileRef = 38A7BF6A2186382300F0774A /* CoreDatable.swift */; };
		38A7BF6D2186880200F0774A /* Database.swift in Sources */ = {isa = PBXBuildFile; fileRef = 38A7BF6C2186880200F0774A /* Database.swift */; };
		38A7BF702186901D00F0774A /* Optional.swift in Sources */ = {isa = PBXBuildFile; fileRef = 38A7BF6F2186901D00F0774A /* Optional.swift */; };
		38C8EAE9219213750033DF4D /* SmogMapView.swift in Sources */ = {isa = PBXBuildFile; fileRef = 38C8EAE8219213750033DF4D /* SmogMapView.swift */; };
		38C8EAEB219213880033DF4D /* SmogMapViewModel.swift in Sources */ = {isa = PBXBuildFile; fileRef = 38C8EAEA219213880033DF4D /* SmogMapViewModel.swift */; };
		38C8EAED21923F920033DF4D /* StationPinView.swift in Sources */ = {isa = PBXBuildFile; fileRef = 38C8EAEC21923F910033DF4D /* StationPinView.swift */; };
		38C8EAEF2192442D0033DF4D /* StationPinClusterView.swift in Sources */ = {isa = PBXBuildFile; fileRef = 38C8EAEE2192442D0033DF4D /* StationPinClusterView.swift */; };
		38C8EAF2219248370033DF4D /* StationAnnotation.swift in Sources */ = {isa = PBXBuildFile; fileRef = 38C8EAF1219248370033DF4D /* StationAnnotation.swift */; };
		38CB67802190C3B000D2DA1C /* LocationManager.swift in Sources */ = {isa = PBXBuildFile; fileRef = 38CB677F2190C3B000D2DA1C /* LocationManager.swift */; };
		38CB67822190C83700D2DA1C /* DataFlowManager.swift in Sources */ = {isa = PBXBuildFile; fileRef = 38CB67812190C83700D2DA1C /* DataFlowManager.swift */; };
		38D50A0F21077A95008AB8D2 /* Request.swift in Sources */ = {isa = PBXBuildFile; fileRef = 38D50A0E21077A95008AB8D2 /* Request.swift */; };
		38D50A1321078E76008AB8D2 /* API.swift in Sources */ = {isa = PBXBuildFile; fileRef = 38D50A1221078E76008AB8D2 /* API.swift */; };
		38D50A1621078F44008AB8D2 /* Response.swift in Sources */ = {isa = PBXBuildFile; fileRef = 38D50A1521078F44008AB8D2 /* Response.swift */; };
		38E1B24C2177D31800F75CEA /* CodingUserInfoKey+Extension.swift in Sources */ = {isa = PBXBuildFile; fileRef = 38E1B24B2177D31800F75CEA /* CodingUserInfoKey+Extension.swift */; };
		38E7F87E210F33E8007260FD /* SmogError.swift in Sources */ = {isa = PBXBuildFile; fileRef = 38E7F87D210F33E8007260FD /* SmogError.swift */; };
		38E7F882210F4369007260FD /* GetStationData.swift in Sources */ = {isa = PBXBuildFile; fileRef = 38E7F881210F4369007260FD /* GetStationData.swift */; };
		38E7F884210F4413007260FD /* GetStationSensors.swift in Sources */ = {isa = PBXBuildFile; fileRef = 38E7F883210F4413007260FD /* GetStationSensors.swift */; };
		38E7F886210F443B007260FD /* GetStationAirQuality.swift in Sources */ = {isa = PBXBuildFile; fileRef = 38E7F885210F443B007260FD /* GetStationAirQuality.swift */; };
		38E7F8972111C765007260FD /* AppDelegate+BackgroundFetching.swift in Sources */ = {isa = PBXBuildFile; fileRef = 38E7F8962111C765007260FD /* AppDelegate+BackgroundFetching.swift */; };
		38F21BCF218234A600A7A922 /* SmogMapViewController.swift in Sources */ = {isa = PBXBuildFile; fileRef = 38F21BCE218234A600A7A922 /* SmogMapViewController.swift */; };
		38F21BD12182381F00A7A922 /* StationViewController.swift in Sources */ = {isa = PBXBuildFile; fileRef = 38F21BD02182381F00A7A922 /* StationViewController.swift */; };
		38F21BD32182386200A7A922 /* StationsPageViewController.swift in Sources */ = {isa = PBXBuildFile; fileRef = 38F21BD22182386200A7A922 /* StationsPageViewController.swift */; };
		38F2BB4321936AA300035BB4 /* Interface.storyboard in Resources */ = {isa = PBXBuildFile; fileRef = 38F2BB4121936AA300035BB4 /* Interface.storyboard */; };
		38F2BB4521936AA600035BB4 /* Assets.xcassets in Resources */ = {isa = PBXBuildFile; fileRef = 38F2BB4421936AA600035BB4 /* Assets.xcassets */; };
		38F2BB4C21936AA600035BB4 /* SmogWatchForWatch Extension.appex in Embed App Extensions */ = {isa = PBXBuildFile; fileRef = 38F2BB4B21936AA600035BB4 /* SmogWatchForWatch Extension.appex */; settings = {ATTRIBUTES = (RemoveHeadersOnCopy, ); }; };
		38F2BB5121936AA600035BB4 /* InterfaceController.swift in Sources */ = {isa = PBXBuildFile; fileRef = 38F2BB5021936AA600035BB4 /* InterfaceController.swift */; };
		38F2BB5321936AA600035BB4 /* ExtensionDelegate.swift in Sources */ = {isa = PBXBuildFile; fileRef = 38F2BB5221936AA600035BB4 /* ExtensionDelegate.swift */; };
		38F2BB5521936AA600035BB4 /* NotificationController.swift in Sources */ = {isa = PBXBuildFile; fileRef = 38F2BB5421936AA600035BB4 /* NotificationController.swift */; };
		38F2BB5721936AA600035BB4 /* ComplicationController.swift in Sources */ = {isa = PBXBuildFile; fileRef = 38F2BB5621936AA600035BB4 /* ComplicationController.swift */; };
		38F2BB5921936AA700035BB4 /* Assets.xcassets in Resources */ = {isa = PBXBuildFile; fileRef = 38F2BB5821936AA700035BB4 /* Assets.xcassets */; };
		38F2BB5E21936AA700035BB4 /* SmogWatchForWatch.app in Embed Watch Content */ = {isa = PBXBuildFile; fileRef = 38F2BB3F21936AA300035BB4 /* SmogWatchForWatch.app */; };
		38F2BB6721936CB900035BB4 /* SmogData+CoreDataClass.swift in Sources */ = {isa = PBXBuildFile; fileRef = 38443B0D21861C97000389E4 /* SmogData+CoreDataClass.swift */; };
		38F2BB6821936CBB00035BB4 /* SmogData+CoreDataProperties.swift in Sources */ = {isa = PBXBuildFile; fileRef = 38443B0E21861C97000389E4 /* SmogData+CoreDataProperties.swift */; };
		38F2BB6921936CBE00035BB4 /* AirQuality+CoreDataClass.swift in Sources */ = {isa = PBXBuildFile; fileRef = 38443B0F21861C97000389E4 /* AirQuality+CoreDataClass.swift */; };
		38F2BB6A21936CC000035BB4 /* AirQuality+CoreDataProperties.swift in Sources */ = {isa = PBXBuildFile; fileRef = 38443B1021861C97000389E4 /* AirQuality+CoreDataProperties.swift */; };
		38F2BB6B21936CC300035BB4 /* Station+CoreDataClass.swift in Sources */ = {isa = PBXBuildFile; fileRef = 38443B1121861C97000389E4 /* Station+CoreDataClass.swift */; };
		38F2BB6C21936CC600035BB4 /* Station+CoreDataProperties.swift in Sources */ = {isa = PBXBuildFile; fileRef = 38443B1221861C97000389E4 /* Station+CoreDataProperties.swift */; };
		38F2BB6D21936CC800035BB4 /* Sensor+CoreDataClass.swift in Sources */ = {isa = PBXBuildFile; fileRef = 38443B1321861C97000389E4 /* Sensor+CoreDataClass.swift */; };
		38F2BB6E21936CCB00035BB4 /* Sensor+CoreDataProperties.swift in Sources */ = {isa = PBXBuildFile; fileRef = 38443B1421861C97000389E4 /* Sensor+CoreDataProperties.swift */; };
		38F2BB6F21936D9300035BB4 /* StationAnnotation.swift in Sources */ = {isa = PBXBuildFile; fileRef = 38C8EAF1219248370033DF4D /* StationAnnotation.swift */; };
		38F910E22108DE74002DB8F8 /* GetStations.swift in Sources */ = {isa = PBXBuildFile; fileRef = 38F910E12108DE74002DB8F8 /* GetStations.swift */; };
		38F910E5210A4667002DB8F8 /* SmogAPI.swift in Sources */ = {isa = PBXBuildFile; fileRef = 38F910E4210A4667002DB8F8 /* SmogAPI.swift */; };
		462CB786BA5A4B083FA13551 /* Pods_SmogWatchTests.framework in Frameworks */ = {isa = PBXBuildFile; fileRef = C3F790438B7CBD9971924CCE /* Pods_SmogWatchTests.framework */; };
		8E95B164D13B8897D6FC50BA /* Pods_SmogWatch.framework in Frameworks */ = {isa = PBXBuildFile; fileRef = 08D3E2906407B786CCF58362 /* Pods_SmogWatch.framework */; };
		FDB9B5B02189F292005BD1CD /* Pods_SmogWatchUITests.framework in Frameworks */ = {isa = PBXBuildFile; fileRef = B7A585107B5FFAFF422532E7 /* Pods_SmogWatchUITests.framework */; };
/* End PBXBuildFile section */

/* Begin PBXContainerItemProxy section */
		3800136E20FE4B4B00725237 /* PBXContainerItemProxy */ = {
			isa = PBXContainerItemProxy;
			containerPortal = 3800134E20FE4B4900725237 /* Project object */;
			proxyType = 1;
			remoteGlobalIDString = 3800135520FE4B4900725237;
			remoteInfo = SmogWatch;
		};
		3800137920FE4B4B00725237 /* PBXContainerItemProxy */ = {
			isa = PBXContainerItemProxy;
			containerPortal = 3800134E20FE4B4900725237 /* Project object */;
			proxyType = 1;
			remoteGlobalIDString = 3800135520FE4B4900725237;
			remoteInfo = SmogWatch;
		};
		38F2BB4D21936AA600035BB4 /* PBXContainerItemProxy */ = {
			isa = PBXContainerItemProxy;
			containerPortal = 3800134E20FE4B4900725237 /* Project object */;
			proxyType = 1;
			remoteGlobalIDString = 38F2BB4A21936AA600035BB4;
			remoteInfo = "SmogWatchForWatch Extension";
		};
		38F2BB5C21936AA700035BB4 /* PBXContainerItemProxy */ = {
			isa = PBXContainerItemProxy;
			containerPortal = 3800134E20FE4B4900725237 /* Project object */;
			proxyType = 1;
			remoteGlobalIDString = 38F2BB3E21936AA300035BB4;
			remoteInfo = SmogWatchForWatch;
		};
/* End PBXContainerItemProxy section */

/* Begin PBXCopyFilesBuildPhase section */
		38F2BB6421936AA700035BB4 /* Embed App Extensions */ = {
			isa = PBXCopyFilesBuildPhase;
			buildActionMask = 2147483647;
			dstPath = "";
			dstSubfolderSpec = 13;
			files = (
				38F2BB4C21936AA600035BB4 /* SmogWatchForWatch Extension.appex in Embed App Extensions */,
			);
			name = "Embed App Extensions";
			runOnlyForDeploymentPostprocessing = 0;
		};
		38F2BB6621936AA700035BB4 /* Embed Watch Content */ = {
			isa = PBXCopyFilesBuildPhase;
			buildActionMask = 2147483647;
			dstPath = "$(CONTENTS_FOLDER_PATH)/Watch";
			dstSubfolderSpec = 16;
			files = (
				38F2BB5E21936AA700035BB4 /* SmogWatchForWatch.app in Embed Watch Content */,
			);
			name = "Embed Watch Content";
			runOnlyForDeploymentPostprocessing = 0;
		};
/* End PBXCopyFilesBuildPhase section */

/* Begin PBXFileReference section */
		08D3E2906407B786CCF58362 /* Pods_SmogWatch.framework */ = {isa = PBXFileReference; explicitFileType = wrapper.framework; includeInIndex = 0; path = Pods_SmogWatch.framework; sourceTree = BUILT_PRODUCTS_DIR; };
		1CB91F9BAD8DC7814D3734D0 /* Pods-SmogWatch.release.xcconfig */ = {isa = PBXFileReference; includeInIndex = 1; lastKnownFileType = text.xcconfig; name = "Pods-SmogWatch.release.xcconfig"; path = "Pods/Target Support Files/Pods-SmogWatch/Pods-SmogWatch.release.xcconfig"; sourceTree = "<group>"; };
		1E9C348C5943E86C209ED0C4 /* Pods-SmogWatchUITests.release.xcconfig */ = {isa = PBXFileReference; includeInIndex = 1; lastKnownFileType = text.xcconfig; name = "Pods-SmogWatchUITests.release.xcconfig"; path = "Pods/Target Support Files/Pods-SmogWatchUITests/Pods-SmogWatchUITests.release.xcconfig"; sourceTree = "<group>"; };
		1FBEE7248C4303550F16B3F8 /* Pods-SmogWatchUITests.debug.xcconfig */ = {isa = PBXFileReference; includeInIndex = 1; lastKnownFileType = text.xcconfig; name = "Pods-SmogWatchUITests.debug.xcconfig"; path = "Pods/Target Support Files/Pods-SmogWatchUITests/Pods-SmogWatchUITests.debug.xcconfig"; sourceTree = "<group>"; };
		27CF49FA57F271A01017E84B /* Pods-SmogWatch.debug.xcconfig */ = {isa = PBXFileReference; includeInIndex = 1; lastKnownFileType = text.xcconfig; name = "Pods-SmogWatch.debug.xcconfig"; path = "Pods/Target Support Files/Pods-SmogWatch/Pods-SmogWatch.debug.xcconfig"; sourceTree = "<group>"; };
		3800135620FE4B4900725237 /* SmogWatch.app */ = {isa = PBXFileReference; explicitFileType = wrapper.application; includeInIndex = 0; path = SmogWatch.app; sourceTree = BUILT_PRODUCTS_DIR; };
		3800135920FE4B4900725237 /* AppDelegate.swift */ = {isa = PBXFileReference; lastKnownFileType = sourcecode.swift; path = AppDelegate.swift; sourceTree = "<group>"; };
		3800135E20FE4B4900725237 /* Base */ = {isa = PBXFileReference; lastKnownFileType = file.storyboard; name = Base; path = Base.lproj/Main.storyboard; sourceTree = "<group>"; };
		3800136320FE4B4B00725237 /* Assets.xcassets */ = {isa = PBXFileReference; lastKnownFileType = folder.assetcatalog; path = Assets.xcassets; sourceTree = "<group>"; };
		3800136620FE4B4B00725237 /* Base */ = {isa = PBXFileReference; lastKnownFileType = file.storyboard; name = Base; path = Base.lproj/LaunchScreen.storyboard; sourceTree = "<group>"; };
		3800136820FE4B4B00725237 /* Info.plist */ = {isa = PBXFileReference; lastKnownFileType = text.plist.xml; path = Info.plist; sourceTree = "<group>"; };
		3800136D20FE4B4B00725237 /* SmogWatchTests.xctest */ = {isa = PBXFileReference; explicitFileType = wrapper.cfbundle; includeInIndex = 0; path = SmogWatchTests.xctest; sourceTree = BUILT_PRODUCTS_DIR; };
		3800137120FE4B4B00725237 /* SmogWatchTests.swift */ = {isa = PBXFileReference; lastKnownFileType = sourcecode.swift; path = SmogWatchTests.swift; sourceTree = "<group>"; };
		3800137320FE4B4B00725237 /* Info.plist */ = {isa = PBXFileReference; lastKnownFileType = text.plist.xml; path = Info.plist; sourceTree = "<group>"; };
		3800137820FE4B4B00725237 /* SmogWatchUITests.xctest */ = {isa = PBXFileReference; explicitFileType = wrapper.cfbundle; includeInIndex = 0; path = SmogWatchUITests.xctest; sourceTree = BUILT_PRODUCTS_DIR; };
		3800137C20FE4B4B00725237 /* SmogWatchUITests.swift */ = {isa = PBXFileReference; lastKnownFileType = sourcecode.swift; path = SmogWatchUITests.swift; sourceTree = "<group>"; };
		3800137E20FE4B4B00725237 /* Info.plist */ = {isa = PBXFileReference; lastKnownFileType = text.plist.xml; path = Info.plist; sourceTree = "<group>"; };
		383A2F7E2191C9CB00D5FE5F /* Database+Save.swift */ = {isa = PBXFileReference; lastKnownFileType = sourcecode.swift; path = "Database+Save.swift"; sourceTree = "<group>"; };
		383A2F802191CA2300D5FE5F /* Database+Get.swift */ = {isa = PBXFileReference; lastKnownFileType = sourcecode.swift; path = "Database+Get.swift"; sourceTree = "<group>"; };
		38443B0B2184BEFD000389E4 /* SmogDatabase.xcdatamodel */ = {isa = PBXFileReference; lastKnownFileType = wrapper.xcdatamodel; path = SmogDatabase.xcdatamodel; sourceTree = "<group>"; };
		38443B0D21861C97000389E4 /* SmogData+CoreDataClass.swift */ = {isa = PBXFileReference; lastKnownFileType = sourcecode.swift; path = "SmogData+CoreDataClass.swift"; sourceTree = "<group>"; };
		38443B0E21861C97000389E4 /* SmogData+CoreDataProperties.swift */ = {isa = PBXFileReference; lastKnownFileType = sourcecode.swift; path = "SmogData+CoreDataProperties.swift"; sourceTree = "<group>"; };
		38443B0F21861C97000389E4 /* AirQuality+CoreDataClass.swift */ = {isa = PBXFileReference; lastKnownFileType = sourcecode.swift; path = "AirQuality+CoreDataClass.swift"; sourceTree = "<group>"; };
		38443B1021861C97000389E4 /* AirQuality+CoreDataProperties.swift */ = {isa = PBXFileReference; lastKnownFileType = sourcecode.swift; path = "AirQuality+CoreDataProperties.swift"; sourceTree = "<group>"; };
		38443B1121861C97000389E4 /* Station+CoreDataClass.swift */ = {isa = PBXFileReference; lastKnownFileType = sourcecode.swift; path = "Station+CoreDataClass.swift"; sourceTree = "<group>"; };
		38443B1221861C97000389E4 /* Station+CoreDataProperties.swift */ = {isa = PBXFileReference; lastKnownFileType = sourcecode.swift; path = "Station+CoreDataProperties.swift"; sourceTree = "<group>"; };
		38443B1321861C97000389E4 /* Sensor+CoreDataClass.swift */ = {isa = PBXFileReference; lastKnownFileType = sourcecode.swift; path = "Sensor+CoreDataClass.swift"; sourceTree = "<group>"; };
		38443B1421861C97000389E4 /* Sensor+CoreDataProperties.swift */ = {isa = PBXFileReference; lastKnownFileType = sourcecode.swift; path = "Sensor+CoreDataProperties.swift"; sourceTree = "<group>"; };
		385698D921BC36F700BF1B16 /* Texts.swift */ = {isa = PBXFileReference; lastKnownFileType = sourcecode.swift; path = Texts.swift; sourceTree = "<group>"; };
		389E0E17217D159C00327A03 /* CodableStation.swift */ = {isa = PBXFileReference; lastKnownFileType = sourcecode.swift; path = CodableStation.swift; sourceTree = "<group>"; };
		389E0E19217D15A900327A03 /* CodableAirQuality.swift */ = {isa = PBXFileReference; lastKnownFileType = sourcecode.swift; path = CodableAirQuality.swift; sourceTree = "<group>"; };
		389E0E1B217D15B200327A03 /* CodableIndexLevel.swift */ = {isa = PBXFileReference; lastKnownFileType = sourcecode.swift; path = CodableIndexLevel.swift; sourceTree = "<group>"; };
		389E0E1D217D15BF00327A03 /* CodableParameterData.swift */ = {isa = PBXFileReference; lastKnownFileType = sourcecode.swift; path = CodableParameterData.swift; sourceTree = "<group>"; };
		389E0E1F217D420E00327A03 /* CodableSensor.swift */ = {isa = PBXFileReference; lastKnownFileType = sourcecode.swift; path = CodableSensor.swift; sourceTree = "<group>"; };
		389E0E21217D421800327A03 /* CodableSensorData.swift */ = {isa = PBXFileReference; lastKnownFileType = sourcecode.swift; path = CodableSensorData.swift; sourceTree = "<group>"; };
		389E0E23217D422300327A03 /* CodableSensorParameters.swift */ = {isa = PBXFileReference; lastKnownFileType = sourcecode.swift; path = CodableSensorParameters.swift; sourceTree = "<group>"; };
		389E0E25217D435F00327A03 /* CodableCity.swift */ = {isa = PBXFileReference; lastKnownFileType = sourcecode.swift; path = CodableCity.swift; sourceTree = "<group>"; };
		389E0E27217D437200327A03 /* CodableCommune.swift */ = {isa = PBXFileReference; lastKnownFileType = sourcecode.swift; path = CodableCommune.swift; sourceTree = "<group>"; };
		38A7BF6A2186382300F0774A /* CoreDatable.swift */ = {isa = PBXFileReference; lastKnownFileType = sourcecode.swift; path = CoreDatable.swift; sourceTree = "<group>"; };
		38A7BF6C2186880200F0774A /* Database.swift */ = {isa = PBXFileReference; lastKnownFileType = sourcecode.swift; path = Database.swift; sourceTree = "<group>"; };
		38A7BF6F2186901D00F0774A /* Optional.swift */ = {isa = PBXFileReference; lastKnownFileType = sourcecode.swift; path = Optional.swift; sourceTree = "<group>"; };
		38C8EAE8219213750033DF4D /* SmogMapView.swift */ = {isa = PBXFileReference; lastKnownFileType = sourcecode.swift; path = SmogMapView.swift; sourceTree = "<group>"; };
		38C8EAEA219213880033DF4D /* SmogMapViewModel.swift */ = {isa = PBXFileReference; lastKnownFileType = sourcecode.swift; path = SmogMapViewModel.swift; sourceTree = "<group>"; };
		38C8EAEC21923F910033DF4D /* StationPinView.swift */ = {isa = PBXFileReference; lastKnownFileType = sourcecode.swift; path = StationPinView.swift; sourceTree = "<group>"; };
		38C8EAEE2192442D0033DF4D /* StationPinClusterView.swift */ = {isa = PBXFileReference; lastKnownFileType = sourcecode.swift; path = StationPinClusterView.swift; sourceTree = "<group>"; };
		38C8EAF1219248370033DF4D /* StationAnnotation.swift */ = {isa = PBXFileReference; lastKnownFileType = sourcecode.swift; path = StationAnnotation.swift; sourceTree = "<group>"; };
		38CB677F2190C3B000D2DA1C /* LocationManager.swift */ = {isa = PBXFileReference; lastKnownFileType = sourcecode.swift; path = LocationManager.swift; sourceTree = "<group>"; };
		38CB67812190C83700D2DA1C /* DataFlowManager.swift */ = {isa = PBXFileReference; lastKnownFileType = sourcecode.swift; path = DataFlowManager.swift; sourceTree = "<group>"; };
		38D50A0E21077A95008AB8D2 /* Request.swift */ = {isa = PBXFileReference; lastKnownFileType = sourcecode.swift; path = Request.swift; sourceTree = "<group>"; };
		38D50A1221078E76008AB8D2 /* API.swift */ = {isa = PBXFileReference; lastKnownFileType = sourcecode.swift; path = API.swift; sourceTree = "<group>"; };
		38D50A1521078F44008AB8D2 /* Response.swift */ = {isa = PBXFileReference; lastKnownFileType = sourcecode.swift; path = Response.swift; sourceTree = "<group>"; };
		38E1B24B2177D31800F75CEA /* CodingUserInfoKey+Extension.swift */ = {isa = PBXFileReference; lastKnownFileType = sourcecode.swift; path = "CodingUserInfoKey+Extension.swift"; sourceTree = "<group>"; };
		38E7F87D210F33E8007260FD /* SmogError.swift */ = {isa = PBXFileReference; lastKnownFileType = sourcecode.swift; path = SmogError.swift; sourceTree = "<group>"; };
		38E7F881210F4369007260FD /* GetStationData.swift */ = {isa = PBXFileReference; lastKnownFileType = sourcecode.swift; path = GetStationData.swift; sourceTree = "<group>"; };
		38E7F883210F4413007260FD /* GetStationSensors.swift */ = {isa = PBXFileReference; lastKnownFileType = sourcecode.swift; path = GetStationSensors.swift; sourceTree = "<group>"; };
		38E7F885210F443B007260FD /* GetStationAirQuality.swift */ = {isa = PBXFileReference; lastKnownFileType = sourcecode.swift; path = GetStationAirQuality.swift; sourceTree = "<group>"; };
		38E7F8962111C765007260FD /* AppDelegate+BackgroundFetching.swift */ = {isa = PBXFileReference; lastKnownFileType = sourcecode.swift; path = "AppDelegate+BackgroundFetching.swift"; sourceTree = "<group>"; };
		38F21BCE218234A600A7A922 /* SmogMapViewController.swift */ = {isa = PBXFileReference; lastKnownFileType = sourcecode.swift; path = SmogMapViewController.swift; sourceTree = "<group>"; };
		38F21BD02182381F00A7A922 /* StationViewController.swift */ = {isa = PBXFileReference; lastKnownFileType = sourcecode.swift; path = StationViewController.swift; sourceTree = "<group>"; };
		38F21BD22182386200A7A922 /* StationsPageViewController.swift */ = {isa = PBXFileReference; lastKnownFileType = sourcecode.swift; path = StationsPageViewController.swift; sourceTree = "<group>"; };
		38F2BB3F21936AA300035BB4 /* SmogWatchForWatch.app */ = {isa = PBXFileReference; explicitFileType = wrapper.application; includeInIndex = 0; path = SmogWatchForWatch.app; sourceTree = BUILT_PRODUCTS_DIR; };
		38F2BB4221936AA300035BB4 /* Base */ = {isa = PBXFileReference; lastKnownFileType = file.storyboard; name = Base; path = Base.lproj/Interface.storyboard; sourceTree = "<group>"; };
		38F2BB4421936AA600035BB4 /* Assets.xcassets */ = {isa = PBXFileReference; lastKnownFileType = folder.assetcatalog; path = Assets.xcassets; sourceTree = "<group>"; };
		38F2BB4621936AA600035BB4 /* Info.plist */ = {isa = PBXFileReference; lastKnownFileType = text.plist.xml; path = Info.plist; sourceTree = "<group>"; };
		38F2BB4B21936AA600035BB4 /* SmogWatchForWatch Extension.appex */ = {isa = PBXFileReference; explicitFileType = "wrapper.app-extension"; includeInIndex = 0; path = "SmogWatchForWatch Extension.appex"; sourceTree = BUILT_PRODUCTS_DIR; };
		38F2BB5021936AA600035BB4 /* InterfaceController.swift */ = {isa = PBXFileReference; lastKnownFileType = sourcecode.swift; path = InterfaceController.swift; sourceTree = "<group>"; };
		38F2BB5221936AA600035BB4 /* ExtensionDelegate.swift */ = {isa = PBXFileReference; lastKnownFileType = sourcecode.swift; path = ExtensionDelegate.swift; sourceTree = "<group>"; };
		38F2BB5421936AA600035BB4 /* NotificationController.swift */ = {isa = PBXFileReference; lastKnownFileType = sourcecode.swift; path = NotificationController.swift; sourceTree = "<group>"; };
		38F2BB5621936AA600035BB4 /* ComplicationController.swift */ = {isa = PBXFileReference; lastKnownFileType = sourcecode.swift; path = ComplicationController.swift; sourceTree = "<group>"; };
		38F2BB5821936AA700035BB4 /* Assets.xcassets */ = {isa = PBXFileReference; lastKnownFileType = folder.assetcatalog; path = Assets.xcassets; sourceTree = "<group>"; };
		38F2BB5A21936AA700035BB4 /* Info.plist */ = {isa = PBXFileReference; lastKnownFileType = text.plist.xml; path = Info.plist; sourceTree = "<group>"; };
		38F2BB5B21936AA700035BB4 /* PushNotificationPayload.apns */ = {isa = PBXFileReference; lastKnownFileType = text; path = PushNotificationPayload.apns; sourceTree = "<group>"; };
		38F910E12108DE74002DB8F8 /* GetStations.swift */ = {isa = PBXFileReference; lastKnownFileType = sourcecode.swift; path = GetStations.swift; sourceTree = "<group>"; };
		38F910E4210A4667002DB8F8 /* SmogAPI.swift */ = {isa = PBXFileReference; lastKnownFileType = sourcecode.swift; path = SmogAPI.swift; sourceTree = "<group>"; };
		B089B9DBBBE72B76BB9C8AD5 /* Pods-SmogWatchTests.debug.xcconfig */ = {isa = PBXFileReference; includeInIndex = 1; lastKnownFileType = text.xcconfig; name = "Pods-SmogWatchTests.debug.xcconfig"; path = "Pods/Target Support Files/Pods-SmogWatchTests/Pods-SmogWatchTests.debug.xcconfig"; sourceTree = "<group>"; };
		B7A585107B5FFAFF422532E7 /* Pods_SmogWatchUITests.framework */ = {isa = PBXFileReference; explicitFileType = wrapper.framework; includeInIndex = 0; path = Pods_SmogWatchUITests.framework; sourceTree = BUILT_PRODUCTS_DIR; };
		BFC012B0E39C9BA8C5834ACC /* Pods-SmogWatchTests.release.xcconfig */ = {isa = PBXFileReference; includeInIndex = 1; lastKnownFileType = text.xcconfig; name = "Pods-SmogWatchTests.release.xcconfig"; path = "Pods/Target Support Files/Pods-SmogWatchTests/Pods-SmogWatchTests.release.xcconfig"; sourceTree = "<group>"; };
		C3F790438B7CBD9971924CCE /* Pods_SmogWatchTests.framework */ = {isa = PBXFileReference; explicitFileType = wrapper.framework; includeInIndex = 0; path = Pods_SmogWatchTests.framework; sourceTree = BUILT_PRODUCTS_DIR; };
/* End PBXFileReference section */

/* Begin PBXFrameworksBuildPhase section */
		3800135320FE4B4900725237 /* Frameworks */ = {
			isa = PBXFrameworksBuildPhase;
			buildActionMask = 2147483647;
			files = (
				8E95B164D13B8897D6FC50BA /* Pods_SmogWatch.framework in Frameworks */,
			);
			runOnlyForDeploymentPostprocessing = 0;
		};
		3800136A20FE4B4B00725237 /* Frameworks */ = {
			isa = PBXFrameworksBuildPhase;
			buildActionMask = 2147483647;
			files = (
				462CB786BA5A4B083FA13551 /* Pods_SmogWatchTests.framework in Frameworks */,
			);
			runOnlyForDeploymentPostprocessing = 0;
		};
		3800137520FE4B4B00725237 /* Frameworks */ = {
			isa = PBXFrameworksBuildPhase;
			buildActionMask = 2147483647;
			files = (
				FDB9B5B02189F292005BD1CD /* Pods_SmogWatchUITests.framework in Frameworks */,
			);
			runOnlyForDeploymentPostprocessing = 0;
		};
		38F2BB4821936AA600035BB4 /* Frameworks */ = {
			isa = PBXFrameworksBuildPhase;
			buildActionMask = 2147483647;
			files = (
			);
			runOnlyForDeploymentPostprocessing = 0;
		};
/* End PBXFrameworksBuildPhase section */

/* Begin PBXGroup section */
		2AC6D18A5DCB71D7B8349977 /* Pods */ = {
			isa = PBXGroup;
			children = (
				27CF49FA57F271A01017E84B /* Pods-SmogWatch.debug.xcconfig */,
				1CB91F9BAD8DC7814D3734D0 /* Pods-SmogWatch.release.xcconfig */,
				B089B9DBBBE72B76BB9C8AD5 /* Pods-SmogWatchTests.debug.xcconfig */,
				BFC012B0E39C9BA8C5834ACC /* Pods-SmogWatchTests.release.xcconfig */,
				1FBEE7248C4303550F16B3F8 /* Pods-SmogWatchUITests.debug.xcconfig */,
				1E9C348C5943E86C209ED0C4 /* Pods-SmogWatchUITests.release.xcconfig */,
			);
			name = Pods;
			sourceTree = "<group>";
		};
		3800134D20FE4B4900725237 = {
			isa = PBXGroup;
			children = (
				3800135820FE4B4900725237 /* SmogWatch */,
				3800137020FE4B4B00725237 /* SmogWatchTests */,
				3800137B20FE4B4B00725237 /* SmogWatchUITests */,
				38F2BB4021936AA300035BB4 /* SmogWatchForWatch */,
				38F2BB4F21936AA600035BB4 /* SmogWatchForWatch Extension */,
				3800135720FE4B4900725237 /* Products */,
				2AC6D18A5DCB71D7B8349977 /* Pods */,
				B977D37461953A45C000F953 /* Frameworks */,
			);
			sourceTree = "<group>";
		};
		3800135720FE4B4900725237 /* Products */ = {
			isa = PBXGroup;
			children = (
				3800135620FE4B4900725237 /* SmogWatch.app */,
				3800136D20FE4B4B00725237 /* SmogWatchTests.xctest */,
				3800137820FE4B4B00725237 /* SmogWatchUITests.xctest */,
				38F2BB3F21936AA300035BB4 /* SmogWatchForWatch.app */,
				38F2BB4B21936AA600035BB4 /* SmogWatchForWatch Extension.appex */,
			);
			name = Products;
			sourceTree = "<group>";
		};
		3800135820FE4B4900725237 /* SmogWatch */ = {
			isa = PBXGroup;
			children = (
				38CB677E2190C39D00D2DA1C /* Managers */,
				38A7BF6E2186901400F0774A /* Extensions */,
				3800136820FE4B4B00725237 /* Info.plist */,
				38E7F8932111C733007260FD /* App */,
				38F910E02108D89E002DB8F8 /* Database */,
				38F910DF2108D893002DB8F8 /* Resources */,
				38F910DE2108D7E5002DB8F8 /* Screens */,
				38F910DD2108D7CE002DB8F8 /* Storyboards */,
				3800138B20FE509E00725237 /* Models */,
				3800138A20FE509400725237 /* Networking */,
			);
			path = SmogWatch;
			sourceTree = "<group>";
		};
		3800137020FE4B4B00725237 /* SmogWatchTests */ = {
			isa = PBXGroup;
			children = (
				3800137120FE4B4B00725237 /* SmogWatchTests.swift */,
				3800137320FE4B4B00725237 /* Info.plist */,
			);
			path = SmogWatchTests;
			sourceTree = "<group>";
		};
		3800137B20FE4B4B00725237 /* SmogWatchUITests */ = {
			isa = PBXGroup;
			children = (
				3800137C20FE4B4B00725237 /* SmogWatchUITests.swift */,
				3800137E20FE4B4B00725237 /* Info.plist */,
			);
			path = SmogWatchUITests;
			sourceTree = "<group>";
		};
		3800138A20FE509400725237 /* Networking */ = {
			isa = PBXGroup;
			children = (
				38F910E3210A4649002DB8F8 /* SmogAPI */,
				38F910DC2108D7B8002DB8F8 /* Requests */,
				38D50A1421078F2A008AB8D2 /* Utilities */,
				38D50A0D21077A89008AB8D2 /* Protocols */,
			);
			path = Networking;
			sourceTree = "<group>";
		};
		3800138B20FE509E00725237 /* Models */ = {
			isa = PBXGroup;
			children = (
				38A7BF692186381600F0774A /* Protocols */,
				389E0E16217D14FA00327A03 /* Codable Models */,
				38DE68D4216BB53000A181DA /* CoreData Models */,
				38C8EAF0219248150033DF4D /* MapKit Models */,
			);
			path = Models;
			sourceTree = "<group>";
		};
		389E0E16217D14FA00327A03 /* Codable Models */ = {
			isa = PBXGroup;
			children = (
				389E0E17217D159C00327A03 /* CodableStation.swift */,
				389E0E25217D435F00327A03 /* CodableCity.swift */,
				389E0E27217D437200327A03 /* CodableCommune.swift */,
				389E0E19217D15A900327A03 /* CodableAirQuality.swift */,
				389E0E1B217D15B200327A03 /* CodableIndexLevel.swift */,
				389E0E21217D421800327A03 /* CodableSensorData.swift */,
				389E0E1D217D15BF00327A03 /* CodableParameterData.swift */,
				389E0E1F217D420E00327A03 /* CodableSensor.swift */,
				389E0E23217D422300327A03 /* CodableSensorParameters.swift */,
			);
			path = "Codable Models";
			sourceTree = "<group>";
		};
		38A7BF692186381600F0774A /* Protocols */ = {
			isa = PBXGroup;
			children = (
				38A7BF6A2186382300F0774A /* CoreDatable.swift */,
			);
			path = Protocols;
			sourceTree = "<group>";
		};
		38A7BF6E2186901400F0774A /* Extensions */ = {
			isa = PBXGroup;
			children = (
				38A7BF6F2186901D00F0774A /* Optional.swift */,
			);
			path = Extensions;
			sourceTree = "<group>";
		};
		38C8EAE7219213620033DF4D /* Map */ = {
			isa = PBXGroup;
			children = (
				38F21BCE218234A600A7A922 /* SmogMapViewController.swift */,
				38C8EAE8219213750033DF4D /* SmogMapView.swift */,
				38C8EAEC21923F910033DF4D /* StationPinView.swift */,
				38C8EAEE2192442D0033DF4D /* StationPinClusterView.swift */,
				38C8EAEA219213880033DF4D /* SmogMapViewModel.swift */,
			);
			path = Map;
			sourceTree = "<group>";
		};
		38C8EAF0219248150033DF4D /* MapKit Models */ = {
			isa = PBXGroup;
			children = (
				38C8EAF1219248370033DF4D /* StationAnnotation.swift */,
			);
			path = "MapKit Models";
			sourceTree = "<group>";
		};
		38CB677E2190C39D00D2DA1C /* Managers */ = {
			isa = PBXGroup;
			children = (
				38CB677F2190C3B000D2DA1C /* LocationManager.swift */,
				38CB67812190C83700D2DA1C /* DataFlowManager.swift */,
			);
			path = Managers;
			sourceTree = "<group>";
		};
		38D50A0D21077A89008AB8D2 /* Protocols */ = {
			isa = PBXGroup;
			children = (
				38D50A1221078E76008AB8D2 /* API.swift */,
				38D50A0E21077A95008AB8D2 /* Request.swift */,
			);
			path = Protocols;
			sourceTree = "<group>";
		};
		38D50A1421078F2A008AB8D2 /* Utilities */ = {
			isa = PBXGroup;
			children = (
				38D50A1521078F44008AB8D2 /* Response.swift */,
			);
			path = Utilities;
			sourceTree = "<group>";
		};
		38DE68D4216BB53000A181DA /* CoreData Models */ = {
			isa = PBXGroup;
			children = (
				38443B0D21861C97000389E4 /* SmogData+CoreDataClass.swift */,
				38443B0E21861C97000389E4 /* SmogData+CoreDataProperties.swift */,
				38443B0F21861C97000389E4 /* AirQuality+CoreDataClass.swift */,
				38443B1021861C97000389E4 /* AirQuality+CoreDataProperties.swift */,
				38443B1121861C97000389E4 /* Station+CoreDataClass.swift */,
				38443B1221861C97000389E4 /* Station+CoreDataProperties.swift */,
				38443B1321861C97000389E4 /* Sensor+CoreDataClass.swift */,
				38443B1421861C97000389E4 /* Sensor+CoreDataProperties.swift */,
			);
			path = "CoreData Models";
			sourceTree = "<group>";
		};
		38E7F8932111C733007260FD /* App */ = {
			isa = PBXGroup;
			children = (
				3800135920FE4B4900725237 /* AppDelegate.swift */,
				38E7F8962111C765007260FD /* AppDelegate+BackgroundFetching.swift */,
			);
			path = App;
			sourceTree = "<group>";
		};
		38F2BB4021936AA300035BB4 /* SmogWatchForWatch */ = {
			isa = PBXGroup;
			children = (
				38F2BB4121936AA300035BB4 /* Interface.storyboard */,
				38F2BB4421936AA600035BB4 /* Assets.xcassets */,
				38F2BB4621936AA600035BB4 /* Info.plist */,
			);
			path = SmogWatchForWatch;
			sourceTree = "<group>";
		};
		38F2BB4F21936AA600035BB4 /* SmogWatchForWatch Extension */ = {
			isa = PBXGroup;
			children = (
				38F2BB5021936AA600035BB4 /* InterfaceController.swift */,
				38F2BB5221936AA600035BB4 /* ExtensionDelegate.swift */,
				38F2BB5421936AA600035BB4 /* NotificationController.swift */,
				38F2BB5621936AA600035BB4 /* ComplicationController.swift */,
				38F2BB5821936AA700035BB4 /* Assets.xcassets */,
				38F2BB5A21936AA700035BB4 /* Info.plist */,
				38F2BB5B21936AA700035BB4 /* PushNotificationPayload.apns */,
			);
			path = "SmogWatchForWatch Extension";
			sourceTree = "<group>";
		};
		38F910DC2108D7B8002DB8F8 /* Requests */ = {
			isa = PBXGroup;
			children = (
				38F910E12108DE74002DB8F8 /* GetStations.swift */,
				38E7F883210F4413007260FD /* GetStationSensors.swift */,
				38E7F881210F4369007260FD /* GetStationData.swift */,
				38E7F885210F443B007260FD /* GetStationAirQuality.swift */,
			);
			path = Requests;
			sourceTree = "<group>";
		};
		38F910DD2108D7CE002DB8F8 /* Storyboards */ = {
			isa = PBXGroup;
			children = (
				3800135D20FE4B4900725237 /* Main.storyboard */,
				3800136520FE4B4B00725237 /* LaunchScreen.storyboard */,
			);
			path = Storyboards;
			sourceTree = "<group>";
		};
		38F910DE2108D7E5002DB8F8 /* Screens */ = {
			isa = PBXGroup;
			children = (
				38C8EAE7219213620033DF4D /* Map */,
				38F21BD02182381F00A7A922 /* StationViewController.swift */,
				38F21BD22182386200A7A922 /* StationsPageViewController.swift */,
			);
			path = Screens;
			sourceTree = "<group>";
		};
		38F910DF2108D893002DB8F8 /* Resources */ = {
			isa = PBXGroup;
			children = (
				3800136320FE4B4B00725237 /* Assets.xcassets */,
				385698D921BC36F700BF1B16 /* Texts.swift */,
			);
			path = Resources;
			sourceTree = "<group>";
		};
		38F910E02108D89E002DB8F8 /* Database */ = {
			isa = PBXGroup;
			children = (
				38443B0A2184BEFD000389E4 /* SmogDatabase.xcdatamodeld */,
				38E1B24B2177D31800F75CEA /* CodingUserInfoKey+Extension.swift */,
				38A7BF6C2186880200F0774A /* Database.swift */,
				383A2F7E2191C9CB00D5FE5F /* Database+Save.swift */,
				383A2F802191CA2300D5FE5F /* Database+Get.swift */,
			);
			path = Database;
			sourceTree = "<group>";
		};
		38F910E3210A4649002DB8F8 /* SmogAPI */ = {
			isa = PBXGroup;
			children = (
				38F910E4210A4667002DB8F8 /* SmogAPI.swift */,
				38E7F87D210F33E8007260FD /* SmogError.swift */,
			);
			path = SmogAPI;
			sourceTree = "<group>";
		};
		B977D37461953A45C000F953 /* Frameworks */ = {
			isa = PBXGroup;
			children = (
				08D3E2906407B786CCF58362 /* Pods_SmogWatch.framework */,
				C3F790438B7CBD9971924CCE /* Pods_SmogWatchTests.framework */,
				B7A585107B5FFAFF422532E7 /* Pods_SmogWatchUITests.framework */,
			);
			name = Frameworks;
			sourceTree = "<group>";
		};
/* End PBXGroup section */

/* Begin PBXNativeTarget section */
		3800135520FE4B4900725237 /* SmogWatch */ = {
			isa = PBXNativeTarget;
			buildConfigurationList = 3800138120FE4B4B00725237 /* Build configuration list for PBXNativeTarget "SmogWatch" */;
			buildPhases = (
				2FBD7226F9040AE093D53DDC /* [CP] Check Pods Manifest.lock */,
				3800135220FE4B4900725237 /* Sources */,
				3800135320FE4B4900725237 /* Frameworks */,
				3800135420FE4B4900725237 /* Resources */,
				6736E7F25110F8D57865A259 /* [CP] Embed Pods Frameworks */,
				38F2BB6621936AA700035BB4 /* Embed Watch Content */,
			);
			buildRules = (
			);
			dependencies = (
				38F2BB5D21936AA700035BB4 /* PBXTargetDependency */,
			);
			name = SmogWatch;
			productName = SmogWatch;
			productReference = 3800135620FE4B4900725237 /* SmogWatch.app */;
			productType = "com.apple.product-type.application";
		};
		3800136C20FE4B4B00725237 /* SmogWatchTests */ = {
			isa = PBXNativeTarget;
			buildConfigurationList = 3800138420FE4B4B00725237 /* Build configuration list for PBXNativeTarget "SmogWatchTests" */;
			buildPhases = (
				27C3282DB0391D718C430D8B /* [CP] Check Pods Manifest.lock */,
				3800136920FE4B4B00725237 /* Sources */,
				3800136A20FE4B4B00725237 /* Frameworks */,
				3800136B20FE4B4B00725237 /* Resources */,
			);
			buildRules = (
			);
			dependencies = (
				3800136F20FE4B4B00725237 /* PBXTargetDependency */,
			);
			name = SmogWatchTests;
			productName = SmogWatchTests;
			productReference = 3800136D20FE4B4B00725237 /* SmogWatchTests.xctest */;
			productType = "com.apple.product-type.bundle.unit-test";
		};
		3800137720FE4B4B00725237 /* SmogWatchUITests */ = {
			isa = PBXNativeTarget;
			buildConfigurationList = 3800138720FE4B4B00725237 /* Build configuration list for PBXNativeTarget "SmogWatchUITests" */;
			buildPhases = (
				72AF7480CC4C50C3556ECAA5 /* [CP] Check Pods Manifest.lock */,
				3800137420FE4B4B00725237 /* Sources */,
				3800137520FE4B4B00725237 /* Frameworks */,
				3800137620FE4B4B00725237 /* Resources */,
			);
			buildRules = (
			);
			dependencies = (
				3800137A20FE4B4B00725237 /* PBXTargetDependency */,
			);
			name = SmogWatchUITests;
			productName = SmogWatchUITests;
			productReference = 3800137820FE4B4B00725237 /* SmogWatchUITests.xctest */;
			productType = "com.apple.product-type.bundle.ui-testing";
		};
		38F2BB3E21936AA300035BB4 /* SmogWatchForWatch */ = {
			isa = PBXNativeTarget;
			buildConfigurationList = 38F2BB6521936AA700035BB4 /* Build configuration list for PBXNativeTarget "SmogWatchForWatch" */;
			buildPhases = (
				38F2BB3D21936AA300035BB4 /* Resources */,
				38F2BB6421936AA700035BB4 /* Embed App Extensions */,
			);
			buildRules = (
			);
			dependencies = (
				38F2BB4E21936AA600035BB4 /* PBXTargetDependency */,
			);
			name = SmogWatchForWatch;
			productName = SmogWatchForWatch;
			productReference = 38F2BB3F21936AA300035BB4 /* SmogWatchForWatch.app */;
			productType = "com.apple.product-type.application.watchapp2";
		};
		38F2BB4A21936AA600035BB4 /* SmogWatchForWatch Extension */ = {
			isa = PBXNativeTarget;
			buildConfigurationList = 38F2BB6321936AA700035BB4 /* Build configuration list for PBXNativeTarget "SmogWatchForWatch Extension" */;
			buildPhases = (
				38F2BB4721936AA600035BB4 /* Sources */,
				38F2BB4821936AA600035BB4 /* Frameworks */,
				38F2BB4921936AA600035BB4 /* Resources */,
			);
			buildRules = (
			);
			dependencies = (
			);
			name = "SmogWatchForWatch Extension";
			productName = "SmogWatchForWatch Extension";
			productReference = 38F2BB4B21936AA600035BB4 /* SmogWatchForWatch Extension.appex */;
			productType = "com.apple.product-type.watchkit2-extension";
		};
/* End PBXNativeTarget section */

/* Begin PBXProject section */
		3800134E20FE4B4900725237 /* Project object */ = {
			isa = PBXProject;
			attributes = {
				LastSwiftUpdateCheck = 1010;
				LastUpgradeCheck = 0940;
				ORGANIZATIONNAME = "Filip Szukala";
				TargetAttributes = {
					3800135520FE4B4900725237 = {
						CreatedOnToolsVersion = 9.4.1;
						LastSwiftMigration = 1000;
						SystemCapabilities = {
							com.apple.BackgroundModes = {
								enabled = 1;
							};
						};
					};
					3800136C20FE4B4B00725237 = {
						CreatedOnToolsVersion = 9.4.1;
						LastSwiftMigration = 1000;
						TestTargetID = 3800135520FE4B4900725237;
					};
					3800137720FE4B4B00725237 = {
						CreatedOnToolsVersion = 9.4.1;
						LastSwiftMigration = 1000;
						TestTargetID = 3800135520FE4B4900725237;
					};
					38F2BB3E21936AA300035BB4 = {
						CreatedOnToolsVersion = 10.1;
					};
					38F2BB4A21936AA600035BB4 = {
						CreatedOnToolsVersion = 10.1;
					};
				};
			};
			buildConfigurationList = 3800135120FE4B4900725237 /* Build configuration list for PBXProject "SmogWatch" */;
			compatibilityVersion = "Xcode 9.3";
			developmentRegion = en;
			hasScannedForEncodings = 0;
			knownRegions = (
				en,
				Base,
			);
			mainGroup = 3800134D20FE4B4900725237;
			productRefGroup = 3800135720FE4B4900725237 /* Products */;
			projectDirPath = "";
			projectRoot = "";
			targets = (
				3800135520FE4B4900725237 /* SmogWatch */,
				3800136C20FE4B4B00725237 /* SmogWatchTests */,
				3800137720FE4B4B00725237 /* SmogWatchUITests */,
				38F2BB3E21936AA300035BB4 /* SmogWatchForWatch */,
				38F2BB4A21936AA600035BB4 /* SmogWatchForWatch Extension */,
			);
		};
/* End PBXProject section */

/* Begin PBXResourcesBuildPhase section */
		3800135420FE4B4900725237 /* Resources */ = {
			isa = PBXResourcesBuildPhase;
			buildActionMask = 2147483647;
			files = (
				3800136720FE4B4B00725237 /* LaunchScreen.storyboard in Resources */,
				3800136420FE4B4B00725237 /* Assets.xcassets in Resources */,
				3800135F20FE4B4900725237 /* Main.storyboard in Resources */,
			);
			runOnlyForDeploymentPostprocessing = 0;
		};
		3800136B20FE4B4B00725237 /* Resources */ = {
			isa = PBXResourcesBuildPhase;
			buildActionMask = 2147483647;
			files = (
			);
			runOnlyForDeploymentPostprocessing = 0;
		};
		3800137620FE4B4B00725237 /* Resources */ = {
			isa = PBXResourcesBuildPhase;
			buildActionMask = 2147483647;
			files = (
			);
			runOnlyForDeploymentPostprocessing = 0;
		};
		38F2BB3D21936AA300035BB4 /* Resources */ = {
			isa = PBXResourcesBuildPhase;
			buildActionMask = 2147483647;
			files = (
				38F2BB4521936AA600035BB4 /* Assets.xcassets in Resources */,
				38F2BB4321936AA300035BB4 /* Interface.storyboard in Resources */,
			);
			runOnlyForDeploymentPostprocessing = 0;
		};
		38F2BB4921936AA600035BB4 /* Resources */ = {
			isa = PBXResourcesBuildPhase;
			buildActionMask = 2147483647;
			files = (
				38F2BB5921936AA700035BB4 /* Assets.xcassets in Resources */,
			);
			runOnlyForDeploymentPostprocessing = 0;
		};
/* End PBXResourcesBuildPhase section */

/* Begin PBXShellScriptBuildPhase section */
		27C3282DB0391D718C430D8B /* [CP] Check Pods Manifest.lock */ = {
			isa = PBXShellScriptBuildPhase;
			buildActionMask = 2147483647;
			files = (
			);
			inputPaths = (
				"${PODS_PODFILE_DIR_PATH}/Podfile.lock",
				"${PODS_ROOT}/Manifest.lock",
			);
			name = "[CP] Check Pods Manifest.lock";
			outputPaths = (
				"$(DERIVED_FILE_DIR)/Pods-SmogWatchTests-checkManifestLockResult.txt",
			);
			runOnlyForDeploymentPostprocessing = 0;
			shellPath = /bin/sh;
			shellScript = "diff \"${PODS_PODFILE_DIR_PATH}/Podfile.lock\" \"${PODS_ROOT}/Manifest.lock\" > /dev/null\nif [ $? != 0 ] ; then\n    # print error to STDERR\n    echo \"error: The sandbox is not in sync with the Podfile.lock. Run 'pod install' or update your CocoaPods installation.\" >&2\n    exit 1\nfi\n# This output is used by Xcode 'outputs' to avoid re-running this script phase.\necho \"SUCCESS\" > \"${SCRIPT_OUTPUT_FILE_0}\"\n";
			showEnvVarsInLog = 0;
		};
		2FBD7226F9040AE093D53DDC /* [CP] Check Pods Manifest.lock */ = {
			isa = PBXShellScriptBuildPhase;
			buildActionMask = 2147483647;
			files = (
			);
			inputPaths = (
				"${PODS_PODFILE_DIR_PATH}/Podfile.lock",
				"${PODS_ROOT}/Manifest.lock",
			);
			name = "[CP] Check Pods Manifest.lock";
			outputPaths = (
				"$(DERIVED_FILE_DIR)/Pods-SmogWatch-checkManifestLockResult.txt",
			);
			runOnlyForDeploymentPostprocessing = 0;
			shellPath = /bin/sh;
			shellScript = "diff \"${PODS_PODFILE_DIR_PATH}/Podfile.lock\" \"${PODS_ROOT}/Manifest.lock\" > /dev/null\nif [ $? != 0 ] ; then\n    # print error to STDERR\n    echo \"error: The sandbox is not in sync with the Podfile.lock. Run 'pod install' or update your CocoaPods installation.\" >&2\n    exit 1\nfi\n# This output is used by Xcode 'outputs' to avoid re-running this script phase.\necho \"SUCCESS\" > \"${SCRIPT_OUTPUT_FILE_0}\"\n";
			showEnvVarsInLog = 0;
		};
		6736E7F25110F8D57865A259 /* [CP] Embed Pods Frameworks */ = {
			isa = PBXShellScriptBuildPhase;
			buildActionMask = 2147483647;
			files = (
			);
			inputPaths = (
				"${SRCROOT}/Pods/Target Support Files/Pods-SmogWatch/Pods-SmogWatch-frameworks.sh",
				"${BUILT_PRODUCTS_DIR}/SnapKit/SnapKit.framework",
			);
			name = "[CP] Embed Pods Frameworks";
			outputPaths = (
				"${TARGET_BUILD_DIR}/${FRAMEWORKS_FOLDER_PATH}/SnapKit.framework",
			);
			runOnlyForDeploymentPostprocessing = 0;
			shellPath = /bin/sh;
			shellScript = "\"${SRCROOT}/Pods/Target Support Files/Pods-SmogWatch/Pods-SmogWatch-frameworks.sh\"\n";
			showEnvVarsInLog = 0;
		};
		72AF7480CC4C50C3556ECAA5 /* [CP] Check Pods Manifest.lock */ = {
			isa = PBXShellScriptBuildPhase;
			buildActionMask = 2147483647;
			files = (
			);
			inputPaths = (
				"${PODS_PODFILE_DIR_PATH}/Podfile.lock",
				"${PODS_ROOT}/Manifest.lock",
			);
			name = "[CP] Check Pods Manifest.lock";
			outputPaths = (
				"$(DERIVED_FILE_DIR)/Pods-SmogWatchUITests-checkManifestLockResult.txt",
			);
			runOnlyForDeploymentPostprocessing = 0;
			shellPath = /bin/sh;
			shellScript = "diff \"${PODS_PODFILE_DIR_PATH}/Podfile.lock\" \"${PODS_ROOT}/Manifest.lock\" > /dev/null\nif [ $? != 0 ] ; then\n    # print error to STDERR\n    echo \"error: The sandbox is not in sync with the Podfile.lock. Run 'pod install' or update your CocoaPods installation.\" >&2\n    exit 1\nfi\n# This output is used by Xcode 'outputs' to avoid re-running this script phase.\necho \"SUCCESS\" > \"${SCRIPT_OUTPUT_FILE_0}\"\n";
			showEnvVarsInLog = 0;
		};
/* End PBXShellScriptBuildPhase section */

/* Begin PBXSourcesBuildPhase section */
		3800135220FE4B4900725237 /* Sources */ = {
			isa = PBXSourcesBuildPhase;
			buildActionMask = 2147483647;
			files = (
				38F910E5210A4667002DB8F8 /* SmogAPI.swift in Sources */,
				389E0E24217D422300327A03 /* CodableSensorParameters.swift in Sources */,
				38E1B24C2177D31800F75CEA /* CodingUserInfoKey+Extension.swift in Sources */,
				38E7F8972111C765007260FD /* AppDelegate+BackgroundFetching.swift in Sources */,
				389E0E1A217D15A900327A03 /* CodableAirQuality.swift in Sources */,
				38443B1A21861C97000389E4 /* Station+CoreDataProperties.swift in Sources */,
				389E0E18217D159C00327A03 /* CodableStation.swift in Sources */,
				38443B1721861C97000389E4 /* AirQuality+CoreDataClass.swift in Sources */,
				383A2F7F2191C9CB00D5FE5F /* Database+Save.swift in Sources */,
				38E7F882210F4369007260FD /* GetStationData.swift in Sources */,
				38F21BCF218234A600A7A922 /* SmogMapViewController.swift in Sources */,
				38E7F886210F443B007260FD /* GetStationAirQuality.swift in Sources */,
				38CB67822190C83700D2DA1C /* DataFlowManager.swift in Sources */,
				38A7BF6B2186382300F0774A /* CoreDatable.swift in Sources */,
				38F910E22108DE74002DB8F8 /* GetStations.swift in Sources */,
				38C8EAEB219213880033DF4D /* SmogMapViewModel.swift in Sources */,
				38C8EAEF2192442D0033DF4D /* StationPinClusterView.swift in Sources */,
				38E7F884210F4413007260FD /* GetStationSensors.swift in Sources */,
				3800135A20FE4B4900725237 /* AppDelegate.swift in Sources */,
				38D50A0F21077A95008AB8D2 /* Request.swift in Sources */,
				38C8EAE9219213750033DF4D /* SmogMapView.swift in Sources */,
				38443B1921861C97000389E4 /* Station+CoreDataClass.swift in Sources */,
				389E0E1C217D15B200327A03 /* CodableIndexLevel.swift in Sources */,
				38D50A1321078E76008AB8D2 /* API.swift in Sources */,
				38F21BD32182386200A7A922 /* StationsPageViewController.swift in Sources */,
				38443B1B21861C97000389E4 /* Sensor+CoreDataClass.swift in Sources */,
				389E0E1E217D15BF00327A03 /* CodableParameterData.swift in Sources */,
				38443B0C2184BEFD000389E4 /* SmogDatabase.xcdatamodeld in Sources */,
				38E7F87E210F33E8007260FD /* SmogError.swift in Sources */,
				38443B1821861C97000389E4 /* AirQuality+CoreDataProperties.swift in Sources */,
				389E0E28217D437200327A03 /* CodableCommune.swift in Sources */,
				38443B1621861C97000389E4 /* SmogData+CoreDataProperties.swift in Sources */,
				38C8EAED21923F920033DF4D /* StationPinView.swift in Sources */,
				38D50A1621078F44008AB8D2 /* Response.swift in Sources */,
				38443B1521861C97000389E4 /* SmogData+CoreDataClass.swift in Sources */,
				38CB67802190C3B000D2DA1C /* LocationManager.swift in Sources */,
				389E0E22217D421800327A03 /* CodableSensorData.swift in Sources */,
				383A2F812191CA2300D5FE5F /* Database+Get.swift in Sources */,
				38A7BF702186901D00F0774A /* Optional.swift in Sources */,
				38F21BD12182381F00A7A922 /* StationViewController.swift in Sources */,
				38443B1C21861C97000389E4 /* Sensor+CoreDataProperties.swift in Sources */,
				389E0E20217D420E00327A03 /* CodableSensor.swift in Sources */,
				385698DA21BC36F700BF1B16 /* Texts.swift in Sources */,
				38A7BF6D2186880200F0774A /* Database.swift in Sources */,
				38C8EAF2219248370033DF4D /* StationAnnotation.swift in Sources */,
				389E0E26217D435F00327A03 /* CodableCity.swift in Sources */,
			);
			runOnlyForDeploymentPostprocessing = 0;
		};
		3800136920FE4B4B00725237 /* Sources */ = {
			isa = PBXSourcesBuildPhase;
			buildActionMask = 2147483647;
			files = (
				3800137220FE4B4B00725237 /* SmogWatchTests.swift in Sources */,
			);
			runOnlyForDeploymentPostprocessing = 0;
		};
		3800137420FE4B4B00725237 /* Sources */ = {
			isa = PBXSourcesBuildPhase;
			buildActionMask = 2147483647;
			files = (
				3800137D20FE4B4B00725237 /* SmogWatchUITests.swift in Sources */,
			);
			runOnlyForDeploymentPostprocessing = 0;
		};
		38F2BB4721936AA600035BB4 /* Sources */ = {
			isa = PBXSourcesBuildPhase;
			buildActionMask = 2147483647;
			files = (
				38F2BB5521936AA600035BB4 /* NotificationController.swift in Sources */,
				38F2BB5721936AA600035BB4 /* ComplicationController.swift in Sources */,
				38F2BB5321936AA600035BB4 /* ExtensionDelegate.swift in Sources */,
				38F2BB6E21936CCB00035BB4 /* Sensor+CoreDataProperties.swift in Sources */,
				38F2BB6721936CB900035BB4 /* SmogData+CoreDataClass.swift in Sources */,
				38F2BB5121936AA600035BB4 /* InterfaceController.swift in Sources */,
				38F2BB6821936CBB00035BB4 /* SmogData+CoreDataProperties.swift in Sources */,
				38F2BB6C21936CC600035BB4 /* Station+CoreDataProperties.swift in Sources */,
				38F2BB6F21936D9300035BB4 /* StationAnnotation.swift in Sources */,
				38F2BB6A21936CC000035BB4 /* AirQuality+CoreDataProperties.swift in Sources */,
				38F2BB6921936CBE00035BB4 /* AirQuality+CoreDataClass.swift in Sources */,
				38F2BB6D21936CC800035BB4 /* Sensor+CoreDataClass.swift in Sources */,
				38F2BB6B21936CC300035BB4 /* Station+CoreDataClass.swift in Sources */,
			);
			runOnlyForDeploymentPostprocessing = 0;
		};
/* End PBXSourcesBuildPhase section */

/* Begin PBXTargetDependency section */
		3800136F20FE4B4B00725237 /* PBXTargetDependency */ = {
			isa = PBXTargetDependency;
			target = 3800135520FE4B4900725237 /* SmogWatch */;
			targetProxy = 3800136E20FE4B4B00725237 /* PBXContainerItemProxy */;
		};
		3800137A20FE4B4B00725237 /* PBXTargetDependency */ = {
			isa = PBXTargetDependency;
			target = 3800135520FE4B4900725237 /* SmogWatch */;
			targetProxy = 3800137920FE4B4B00725237 /* PBXContainerItemProxy */;
		};
		38F2BB4E21936AA600035BB4 /* PBXTargetDependency */ = {
			isa = PBXTargetDependency;
			target = 38F2BB4A21936AA600035BB4 /* SmogWatchForWatch Extension */;
			targetProxy = 38F2BB4D21936AA600035BB4 /* PBXContainerItemProxy */;
		};
		38F2BB5D21936AA700035BB4 /* PBXTargetDependency */ = {
			isa = PBXTargetDependency;
			target = 38F2BB3E21936AA300035BB4 /* SmogWatchForWatch */;
			targetProxy = 38F2BB5C21936AA700035BB4 /* PBXContainerItemProxy */;
		};
/* End PBXTargetDependency section */

/* Begin PBXVariantGroup section */
		3800135D20FE4B4900725237 /* Main.storyboard */ = {
			isa = PBXVariantGroup;
			children = (
				3800135E20FE4B4900725237 /* Base */,
			);
			name = Main.storyboard;
			sourceTree = "<group>";
		};
		3800136520FE4B4B00725237 /* LaunchScreen.storyboard */ = {
			isa = PBXVariantGroup;
			children = (
				3800136620FE4B4B00725237 /* Base */,
			);
			name = LaunchScreen.storyboard;
			sourceTree = "<group>";
		};
		38F2BB4121936AA300035BB4 /* Interface.storyboard */ = {
			isa = PBXVariantGroup;
			children = (
				38F2BB4221936AA300035BB4 /* Base */,
			);
			name = Interface.storyboard;
			sourceTree = "<group>";
		};
/* End PBXVariantGroup section */

/* Begin XCBuildConfiguration section */
		3800137F20FE4B4B00725237 /* Debug */ = {
			isa = XCBuildConfiguration;
			buildSettings = {
				ALWAYS_SEARCH_USER_PATHS = NO;
				CLANG_ANALYZER_NONNULL = YES;
				CLANG_ANALYZER_NUMBER_OBJECT_CONVERSION = YES_AGGRESSIVE;
				CLANG_CXX_LANGUAGE_STANDARD = "gnu++14";
				CLANG_CXX_LIBRARY = "libc++";
				CLANG_ENABLE_MODULES = YES;
				CLANG_ENABLE_OBJC_ARC = YES;
				CLANG_ENABLE_OBJC_WEAK = YES;
				CLANG_WARN_BLOCK_CAPTURE_AUTORELEASING = YES;
				CLANG_WARN_BOOL_CONVERSION = YES;
				CLANG_WARN_COMMA = YES;
				CLANG_WARN_CONSTANT_CONVERSION = YES;
				CLANG_WARN_DEPRECATED_OBJC_IMPLEMENTATIONS = YES;
				CLANG_WARN_DIRECT_OBJC_ISA_USAGE = YES_ERROR;
				CLANG_WARN_DOCUMENTATION_COMMENTS = YES;
				CLANG_WARN_EMPTY_BODY = YES;
				CLANG_WARN_ENUM_CONVERSION = YES;
				CLANG_WARN_INFINITE_RECURSION = YES;
				CLANG_WARN_INT_CONVERSION = YES;
				CLANG_WARN_NON_LITERAL_NULL_CONVERSION = YES;
				CLANG_WARN_OBJC_IMPLICIT_RETAIN_SELF = YES;
				CLANG_WARN_OBJC_LITERAL_CONVERSION = YES;
				CLANG_WARN_OBJC_ROOT_CLASS = YES_ERROR;
				CLANG_WARN_RANGE_LOOP_ANALYSIS = YES;
				CLANG_WARN_STRICT_PROTOTYPES = YES;
				CLANG_WARN_SUSPICIOUS_MOVE = YES;
				CLANG_WARN_UNGUARDED_AVAILABILITY = YES_AGGRESSIVE;
				CLANG_WARN_UNREACHABLE_CODE = YES;
				CLANG_WARN__DUPLICATE_METHOD_MATCH = YES;
				CODE_SIGN_IDENTITY = "iPhone Developer";
				COPY_PHASE_STRIP = NO;
				DEBUG_INFORMATION_FORMAT = dwarf;
				ENABLE_STRICT_OBJC_MSGSEND = YES;
				ENABLE_TESTABILITY = YES;
				GCC_C_LANGUAGE_STANDARD = gnu11;
				GCC_DYNAMIC_NO_PIC = NO;
				GCC_NO_COMMON_BLOCKS = YES;
				GCC_OPTIMIZATION_LEVEL = 0;
				GCC_PREPROCESSOR_DEFINITIONS = (
					"DEBUG=1",
					"$(inherited)",
				);
				GCC_WARN_64_TO_32_BIT_CONVERSION = YES;
				GCC_WARN_ABOUT_RETURN_TYPE = YES_ERROR;
				GCC_WARN_UNDECLARED_SELECTOR = YES;
				GCC_WARN_UNINITIALIZED_AUTOS = YES_AGGRESSIVE;
				GCC_WARN_UNUSED_FUNCTION = YES;
				GCC_WARN_UNUSED_VARIABLE = YES;
				IPHONEOS_DEPLOYMENT_TARGET = 12.0;
				MTL_ENABLE_DEBUG_INFO = YES;
				ONLY_ACTIVE_ARCH = YES;
				SDKROOT = iphoneos;
				SWIFT_ACTIVE_COMPILATION_CONDITIONS = DEBUG;
				SWIFT_OPTIMIZATION_LEVEL = "-Onone";
			};
			name = Debug;
		};
		3800138020FE4B4B00725237 /* Release */ = {
			isa = XCBuildConfiguration;
			buildSettings = {
				ALWAYS_SEARCH_USER_PATHS = NO;
				CLANG_ANALYZER_NONNULL = YES;
				CLANG_ANALYZER_NUMBER_OBJECT_CONVERSION = YES_AGGRESSIVE;
				CLANG_CXX_LANGUAGE_STANDARD = "gnu++14";
				CLANG_CXX_LIBRARY = "libc++";
				CLANG_ENABLE_MODULES = YES;
				CLANG_ENABLE_OBJC_ARC = YES;
				CLANG_ENABLE_OBJC_WEAK = YES;
				CLANG_WARN_BLOCK_CAPTURE_AUTORELEASING = YES;
				CLANG_WARN_BOOL_CONVERSION = YES;
				CLANG_WARN_COMMA = YES;
				CLANG_WARN_CONSTANT_CONVERSION = YES;
				CLANG_WARN_DEPRECATED_OBJC_IMPLEMENTATIONS = YES;
				CLANG_WARN_DIRECT_OBJC_ISA_USAGE = YES_ERROR;
				CLANG_WARN_DOCUMENTATION_COMMENTS = YES;
				CLANG_WARN_EMPTY_BODY = YES;
				CLANG_WARN_ENUM_CONVERSION = YES;
				CLANG_WARN_INFINITE_RECURSION = YES;
				CLANG_WARN_INT_CONVERSION = YES;
				CLANG_WARN_NON_LITERAL_NULL_CONVERSION = YES;
				CLANG_WARN_OBJC_IMPLICIT_RETAIN_SELF = YES;
				CLANG_WARN_OBJC_LITERAL_CONVERSION = YES;
				CLANG_WARN_OBJC_ROOT_CLASS = YES_ERROR;
				CLANG_WARN_RANGE_LOOP_ANALYSIS = YES;
				CLANG_WARN_STRICT_PROTOTYPES = YES;
				CLANG_WARN_SUSPICIOUS_MOVE = YES;
				CLANG_WARN_UNGUARDED_AVAILABILITY = YES_AGGRESSIVE;
				CLANG_WARN_UNREACHABLE_CODE = YES;
				CLANG_WARN__DUPLICATE_METHOD_MATCH = YES;
				CODE_SIGN_IDENTITY = "iPhone Developer";
				COPY_PHASE_STRIP = NO;
				DEBUG_INFORMATION_FORMAT = "dwarf-with-dsym";
				ENABLE_NS_ASSERTIONS = NO;
				ENABLE_STRICT_OBJC_MSGSEND = YES;
				GCC_C_LANGUAGE_STANDARD = gnu11;
				GCC_NO_COMMON_BLOCKS = YES;
				GCC_WARN_64_TO_32_BIT_CONVERSION = YES;
				GCC_WARN_ABOUT_RETURN_TYPE = YES_ERROR;
				GCC_WARN_UNDECLARED_SELECTOR = YES;
				GCC_WARN_UNINITIALIZED_AUTOS = YES_AGGRESSIVE;
				GCC_WARN_UNUSED_FUNCTION = YES;
				GCC_WARN_UNUSED_VARIABLE = YES;
				IPHONEOS_DEPLOYMENT_TARGET = 12.0;
				MTL_ENABLE_DEBUG_INFO = NO;
				SDKROOT = iphoneos;
				SWIFT_COMPILATION_MODE = wholemodule;
				SWIFT_OPTIMIZATION_LEVEL = "-O";
				VALIDATE_PRODUCT = YES;
			};
			name = Release;
		};
		3800138220FE4B4B00725237 /* Debug */ = {
			isa = XCBuildConfiguration;
			baseConfigurationReference = 27CF49FA57F271A01017E84B /* Pods-SmogWatch.debug.xcconfig */;
			buildSettings = {
				ASSETCATALOG_COMPILER_APPICON_NAME = AppIcon;
				CODE_SIGN_STYLE = Automatic;
				DEVELOPMENT_TEAM = GN5RD5DNZH;
				INFOPLIST_FILE = SmogWatch/Info.plist;
				LD_RUNPATH_SEARCH_PATHS = (
					"$(inherited)",
					"@executable_path/Frameworks",
				);
				PRODUCT_BUNDLE_IDENTIFIER = szukala.SmogWatch;
				PRODUCT_NAME = "$(TARGET_NAME)";
				SWIFT_VERSION = 4.2;
				TARGETED_DEVICE_FAMILY = "1,2";
			};
			name = Debug;
		};
		3800138320FE4B4B00725237 /* Release */ = {
			isa = XCBuildConfiguration;
			baseConfigurationReference = 1CB91F9BAD8DC7814D3734D0 /* Pods-SmogWatch.release.xcconfig */;
			buildSettings = {
				ASSETCATALOG_COMPILER_APPICON_NAME = AppIcon;
				CODE_SIGN_STYLE = Automatic;
				DEVELOPMENT_TEAM = GN5RD5DNZH;
				INFOPLIST_FILE = SmogWatch/Info.plist;
				LD_RUNPATH_SEARCH_PATHS = (
					"$(inherited)",
					"@executable_path/Frameworks",
				);
				PRODUCT_BUNDLE_IDENTIFIER = szukala.SmogWatch;
				PRODUCT_NAME = "$(TARGET_NAME)";
				SWIFT_VERSION = 4.2;
				TARGETED_DEVICE_FAMILY = "1,2";
			};
			name = Release;
		};
		3800138520FE4B4B00725237 /* Debug */ = {
			isa = XCBuildConfiguration;
			baseConfigurationReference = B089B9DBBBE72B76BB9C8AD5 /* Pods-SmogWatchTests.debug.xcconfig */;
			buildSettings = {
				ALWAYS_EMBED_SWIFT_STANDARD_LIBRARIES = YES;
				BUNDLE_LOADER = "$(TEST_HOST)";
				CODE_SIGN_STYLE = Automatic;
				DEVELOPMENT_TEAM = GN5RD5DNZH;
				INFOPLIST_FILE = SmogWatchTests/Info.plist;
				LD_RUNPATH_SEARCH_PATHS = (
					"$(inherited)",
					"@executable_path/Frameworks",
					"@loader_path/Frameworks",
				);
				PRODUCT_BUNDLE_IDENTIFIER = fsz.SmogWatchTests;
				PRODUCT_NAME = "$(TARGET_NAME)";
				SWIFT_VERSION = 4.2;
				TARGETED_DEVICE_FAMILY = "1,2";
				TEST_HOST = "$(BUILT_PRODUCTS_DIR)/SmogWatch.app/SmogWatch";
			};
			name = Debug;
		};
		3800138620FE4B4B00725237 /* Release */ = {
			isa = XCBuildConfiguration;
			baseConfigurationReference = BFC012B0E39C9BA8C5834ACC /* Pods-SmogWatchTests.release.xcconfig */;
			buildSettings = {
				ALWAYS_EMBED_SWIFT_STANDARD_LIBRARIES = YES;
				BUNDLE_LOADER = "$(TEST_HOST)";
				CODE_SIGN_STYLE = Automatic;
				DEVELOPMENT_TEAM = GN5RD5DNZH;
				INFOPLIST_FILE = SmogWatchTests/Info.plist;
				LD_RUNPATH_SEARCH_PATHS = (
					"$(inherited)",
					"@executable_path/Frameworks",
					"@loader_path/Frameworks",
				);
				PRODUCT_BUNDLE_IDENTIFIER = fsz.SmogWatchTests;
				PRODUCT_NAME = "$(TARGET_NAME)";
				SWIFT_VERSION = 4.2;
				TARGETED_DEVICE_FAMILY = "1,2";
				TEST_HOST = "$(BUILT_PRODUCTS_DIR)/SmogWatch.app/SmogWatch";
			};
			name = Release;
		};
		3800138820FE4B4B00725237 /* Debug */ = {
			isa = XCBuildConfiguration;
			baseConfigurationReference = 1FBEE7248C4303550F16B3F8 /* Pods-SmogWatchUITests.debug.xcconfig */;
			buildSettings = {
				ALWAYS_EMBED_SWIFT_STANDARD_LIBRARIES = YES;
				CODE_SIGN_STYLE = Automatic;
				DEVELOPMENT_TEAM = GN5RD5DNZH;
				INFOPLIST_FILE = SmogWatchUITests/Info.plist;
				LD_RUNPATH_SEARCH_PATHS = (
					"$(inherited)",
					"@executable_path/Frameworks",
					"@loader_path/Frameworks",
				);
				PRODUCT_BUNDLE_IDENTIFIER = fsz.SmogWatchUITests;
				PRODUCT_NAME = "$(TARGET_NAME)";
				SWIFT_VERSION = 4.2;
				TARGETED_DEVICE_FAMILY = "1,2";
				TEST_TARGET_NAME = SmogWatch;
			};
			name = Debug;
		};
		3800138920FE4B4B00725237 /* Release */ = {
			isa = XCBuildConfiguration;
			baseConfigurationReference = 1E9C348C5943E86C209ED0C4 /* Pods-SmogWatchUITests.release.xcconfig */;
			buildSettings = {
				ALWAYS_EMBED_SWIFT_STANDARD_LIBRARIES = YES;
				CODE_SIGN_STYLE = Automatic;
				DEVELOPMENT_TEAM = GN5RD5DNZH;
				INFOPLIST_FILE = SmogWatchUITests/Info.plist;
				LD_RUNPATH_SEARCH_PATHS = (
					"$(inherited)",
					"@executable_path/Frameworks",
					"@loader_path/Frameworks",
				);
				PRODUCT_BUNDLE_IDENTIFIER = fsz.SmogWatchUITests;
				PRODUCT_NAME = "$(TARGET_NAME)";
				SWIFT_VERSION = 4.2;
				TARGETED_DEVICE_FAMILY = "1,2";
				TEST_TARGET_NAME = SmogWatch;
			};
			name = Release;
		};
		38F2BB5F21936AA700035BB4 /* Debug */ = {
			isa = XCBuildConfiguration;
			buildSettings = {
				ALWAYS_EMBED_SWIFT_STANDARD_LIBRARIES = YES;
				ASSETCATALOG_COMPILER_APPICON_NAME = AppIcon;
				CODE_SIGN_STYLE = Automatic;
				DEVELOPMENT_TEAM = GN5RD5DNZH;
				IBSC_MODULE = SmogWatchForWatch_Extension;
				INFOPLIST_FILE = SmogWatchForWatch/Info.plist;
				MTL_ENABLE_DEBUG_INFO = INCLUDE_SOURCE;
				MTL_FAST_MATH = YES;
				PRODUCT_BUNDLE_IDENTIFIER = szukala.SmogWatch.watchkitapp;
				PRODUCT_NAME = "$(TARGET_NAME)";
				SDKROOT = watchos;
				SKIP_INSTALL = YES;
				SWIFT_VERSION = 4.2;
				TARGETED_DEVICE_FAMILY = 4;
				WATCHOS_DEPLOYMENT_TARGET = 4.0;
			};
			name = Debug;
		};
		38F2BB6021936AA700035BB4 /* Release */ = {
			isa = XCBuildConfiguration;
			buildSettings = {
				ALWAYS_EMBED_SWIFT_STANDARD_LIBRARIES = YES;
				ASSETCATALOG_COMPILER_APPICON_NAME = AppIcon;
				CODE_SIGN_STYLE = Automatic;
				DEVELOPMENT_TEAM = GN5RD5DNZH;
				IBSC_MODULE = SmogWatchForWatch_Extension;
				INFOPLIST_FILE = SmogWatchForWatch/Info.plist;
				MTL_FAST_MATH = YES;
				PRODUCT_BUNDLE_IDENTIFIER = szukala.SmogWatch.watchkitapp;
				PRODUCT_NAME = "$(TARGET_NAME)";
				SDKROOT = watchos;
				SKIP_INSTALL = YES;
				SWIFT_VERSION = 4.2;
				TARGETED_DEVICE_FAMILY = 4;
				WATCHOS_DEPLOYMENT_TARGET = 4.0;
			};
			name = Release;
		};
		38F2BB6121936AA700035BB4 /* Debug */ = {
			isa = XCBuildConfiguration;
			buildSettings = {
				ASSETCATALOG_COMPILER_COMPLICATION_NAME = Complication;
				CODE_SIGN_STYLE = Automatic;
				DEVELOPMENT_TEAM = GN5RD5DNZH;
				INFOPLIST_FILE = "SmogWatchForWatch Extension/Info.plist";
				LD_RUNPATH_SEARCH_PATHS = (
					"$(inherited)",
					"@executable_path/Frameworks",
					"@executable_path/../../Frameworks",
				);
				MTL_ENABLE_DEBUG_INFO = INCLUDE_SOURCE;
				MTL_FAST_MATH = YES;
				PRODUCT_BUNDLE_IDENTIFIER = szukala.SmogWatch.watchkitapp.watchkitextension;
				PRODUCT_NAME = "${TARGET_NAME}";
				SDKROOT = watchos;
				SKIP_INSTALL = YES;
				SWIFT_VERSION = 4.2;
				TARGETED_DEVICE_FAMILY = 4;
				WATCHOS_DEPLOYMENT_TARGET = 5.1;
			};
			name = Debug;
		};
		38F2BB6221936AA700035BB4 /* Release */ = {
			isa = XCBuildConfiguration;
			buildSettings = {
				ASSETCATALOG_COMPILER_COMPLICATION_NAME = Complication;
				CODE_SIGN_STYLE = Automatic;
				DEVELOPMENT_TEAM = GN5RD5DNZH;
				INFOPLIST_FILE = "SmogWatchForWatch Extension/Info.plist";
				LD_RUNPATH_SEARCH_PATHS = (
					"$(inherited)",
					"@executable_path/Frameworks",
					"@executable_path/../../Frameworks",
				);
				MTL_FAST_MATH = YES;
				PRODUCT_BUNDLE_IDENTIFIER = szukala.SmogWatch.watchkitapp.watchkitextension;
				PRODUCT_NAME = "${TARGET_NAME}";
				SDKROOT = watchos;
				SKIP_INSTALL = YES;
				SWIFT_VERSION = 4.2;
				TARGETED_DEVICE_FAMILY = 4;
				WATCHOS_DEPLOYMENT_TARGET = 5.1;
			};
			name = Release;
		};
/* End XCBuildConfiguration section */

/* Begin XCConfigurationList section */
		3800135120FE4B4900725237 /* Build configuration list for PBXProject "SmogWatch" */ = {
			isa = XCConfigurationList;
			buildConfigurations = (
				3800137F20FE4B4B00725237 /* Debug */,
				3800138020FE4B4B00725237 /* Release */,
			);
			defaultConfigurationIsVisible = 0;
			defaultConfigurationName = Release;
		};
		3800138120FE4B4B00725237 /* Build configuration list for PBXNativeTarget "SmogWatch" */ = {
			isa = XCConfigurationList;
			buildConfigurations = (
				3800138220FE4B4B00725237 /* Debug */,
				3800138320FE4B4B00725237 /* Release */,
			);
			defaultConfigurationIsVisible = 0;
			defaultConfigurationName = Release;
		};
		3800138420FE4B4B00725237 /* Build configuration list for PBXNativeTarget "SmogWatchTests" */ = {
			isa = XCConfigurationList;
			buildConfigurations = (
				3800138520FE4B4B00725237 /* Debug */,
				3800138620FE4B4B00725237 /* Release */,
			);
			defaultConfigurationIsVisible = 0;
			defaultConfigurationName = Release;
		};
		3800138720FE4B4B00725237 /* Build configuration list for PBXNativeTarget "SmogWatchUITests" */ = {
			isa = XCConfigurationList;
			buildConfigurations = (
				3800138820FE4B4B00725237 /* Debug */,
				3800138920FE4B4B00725237 /* Release */,
			);
			defaultConfigurationIsVisible = 0;
			defaultConfigurationName = Release;
		};
		38F2BB6321936AA700035BB4 /* Build configuration list for PBXNativeTarget "SmogWatchForWatch Extension" */ = {
			isa = XCConfigurationList;
			buildConfigurations = (
				38F2BB6121936AA700035BB4 /* Debug */,
				38F2BB6221936AA700035BB4 /* Release */,
			);
			defaultConfigurationIsVisible = 0;
			defaultConfigurationName = Release;
		};
		38F2BB6521936AA700035BB4 /* Build configuration list for PBXNativeTarget "SmogWatchForWatch" */ = {
			isa = XCConfigurationList;
			buildConfigurations = (
				38F2BB5F21936AA700035BB4 /* Debug */,
				38F2BB6021936AA700035BB4 /* Release */,
			);
			defaultConfigurationIsVisible = 0;
			defaultConfigurationName = Release;
		};
/* End XCConfigurationList section */

/* Begin XCVersionGroup section */
		38443B0A2184BEFD000389E4 /* SmogDatabase.xcdatamodeld */ = {
			isa = XCVersionGroup;
			children = (
				38443B0B2184BEFD000389E4 /* SmogDatabase.xcdatamodel */,
			);
			currentVersion = 38443B0B2184BEFD000389E4 /* SmogDatabase.xcdatamodel */;
			path = SmogDatabase.xcdatamodeld;
			sourceTree = "<group>";
			versionGroupType = wrapper.xcdatamodel;
		};
/* End XCVersionGroup section */
	};
	rootObject = 3800134E20FE4B4900725237 /* Project object */;
}
